// !$*UTF8*$!
{
	archiveVersion = 1;
	classes = {
	};
	objectVersion = 45;
	objects = {

/* Begin PBXBuildFile section */
		9C46FBAF0FA8F31800ABEF05 /* main.c in Sources */ = {isa = PBXBuildFile; fileRef = 9C46FBAE0FA8F31800ABEF05 /* main.c */; };
		9C46FC390FA906F700ABEF05 /* hci.c in Sources */ = {isa = PBXBuildFile; fileRef = 9C46FC340FA906F700ABEF05 /* hci.c */; };
		9C46FC3A0FA906F700ABEF05 /* hci_transport_h4.c in Sources */ = {isa = PBXBuildFile; fileRef = 9C46FC360FA906F700ABEF05 /* hci_transport_h4.c */; };
		9C7ECB840FCC85650085DAC5 /* bt_control_iphone.c in Sources */ = {isa = PBXBuildFile; fileRef = 9C7ECB820FCC85650085DAC5 /* bt_control_iphone.c */; };
		9C88500E0FBF6702004980E4 /* l2cap.c in Sources */ = {isa = PBXBuildFile; fileRef = 9C88500C0FBF6702004980E4 /* l2cap.c */; };
/* End PBXBuildFile section */

/* Begin PBXCopyFilesBuildPhase section */
		8DD76FAF0486AB0100D96B5E /* CopyFiles */ = {
			isa = PBXCopyFilesBuildPhase;
			buildActionMask = 8;
			dstPath = /usr/share/man/man1/;
			dstSubfolderSpec = 0;
			files = (
			);
			runOnlyForDeploymentPostprocessing = 1;
		};
/* End PBXCopyFilesBuildPhase section */

/* Begin PBXFileReference section */
		8DD76FB20486AB0100D96B5E /* project */ = {isa = PBXFileReference; explicitFileType = "compiled.mach-o.executable"; includeInIndex = 0; path = project; sourceTree = BUILT_PRODUCTS_DIR; };
		9C46FBAE0FA8F31800ABEF05 /* main.c */ = {isa = PBXFileReference; fileEncoding = 5; lastKnownFileType = sourcecode.c.c; name = main.c; path = src/main.c; sourceTree = "<group>"; usesTabs = 0; };
		9C46FC340FA906F700ABEF05 /* hci.c */ = {isa = PBXFileReference; fileEncoding = 5; lastKnownFileType = sourcecode.c.c; name = hci.c; path = src/hci.c; sourceTree = "<group>"; };
		9C46FC350FA906F700ABEF05 /* hci.h */ = {isa = PBXFileReference; fileEncoding = 5; lastKnownFileType = sourcecode.c.h; name = hci.h; path = src/hci.h; sourceTree = "<group>"; };
		9C46FC360FA906F700ABEF05 /* hci_transport_h4.c */ = {isa = PBXFileReference; fileEncoding = 5; lastKnownFileType = sourcecode.c.c; name = hci_transport_h4.c; path = src/hci_transport_h4.c; sourceTree = "<group>"; };
		9C46FC370FA906F700ABEF05 /* hci_transport_h4.h */ = {isa = PBXFileReference; fileEncoding = 5; lastKnownFileType = sourcecode.c.h; name = hci_transport_h4.h; path = src/hci_transport_h4.h; sourceTree = "<group>"; };
		9C46FC380FA906F700ABEF05 /* hci_transport.h */ = {isa = PBXFileReference; fileEncoding = 5; lastKnownFileType = sourcecode.c.h; name = hci_transport.h; path = src/hci_transport.h; sourceTree = "<group>"; };
		9C7ECB810FCC85650085DAC5 /* bt_control.h */ = {isa = PBXFileReference; fileEncoding = 5; lastKnownFileType = sourcecode.c.h; name = bt_control.h; path = src/bt_control.h; sourceTree = "<group>"; };
		9C7ECB820FCC85650085DAC5 /* bt_control_iphone.c */ = {isa = PBXFileReference; fileEncoding = 5; lastKnownFileType = sourcecode.c.c; name = bt_control_iphone.c; path = src/bt_control_iphone.c; sourceTree = "<group>"; };
		9C7ECB830FCC85650085DAC5 /* bt_control_iphone.h */ = {isa = PBXFileReference; fileEncoding = 5; lastKnownFileType = sourcecode.c.h; name = bt_control_iphone.h; path = src/bt_control_iphone.h; sourceTree = "<group>"; };
		9C88500C0FBF6702004980E4 /* l2cap.c */ = {isa = PBXFileReference; fileEncoding = 5; lastKnownFileType = sourcecode.c.c; name = l2cap.c; path = src/l2cap.c; sourceTree = "<group>"; };
		9C88500D0FBF6702004980E4 /* l2cap.h */ = {isa = PBXFileReference; fileEncoding = 5; lastKnownFileType = sourcecode.c.h; name = l2cap.h; path = src/l2cap.h; sourceTree = "<group>"; };
		9CA3C0900FB8B3C4005F48DE /* TODO.txt */ = {isa = PBXFileReference; fileEncoding = 4; lastKnownFileType = text; path = TODO.txt; sourceTree = "<group>"; };
/* End PBXFileReference section */

/* Begin PBXFrameworksBuildPhase section */
		8DD76FAD0486AB0100D96B5E /* Frameworks */ = {
			isa = PBXFrameworksBuildPhase;
			buildActionMask = 2147483647;
			files = (
			);
			runOnlyForDeploymentPostprocessing = 0;
		};
/* End PBXFrameworksBuildPhase section */

/* Begin PBXGroup section */
		08FB7794FE84155DC02AAC07 /* project */ = {
			isa = PBXGroup;
			children = (
				08FB7795FE84155DC02AAC07 /* Source */,
				C6A0FF2B0290797F04C91782 /* Documentation */,
				1AB674ADFE9D54B511CA2CBB /* Products */,
				9CA3C0900FB8B3C4005F48DE /* TODO.txt */,
			);
			name = project;
			sourceTree = "<group>";
		};
		08FB7795FE84155DC02AAC07 /* Source */ = {
			isa = PBXGroup;
			children = (
				9C7ECB810FCC85650085DAC5 /* bt_control.h */,
				9C7ECB820FCC85650085DAC5 /* bt_control_iphone.c */,
				9C7ECB830FCC85650085DAC5 /* bt_control_iphone.h */,
				9C46FC350FA906F700ABEF05 /* hci.h */,
				9C46FC340FA906F700ABEF05 /* hci.c */,
				9C46FC380FA906F700ABEF05 /* hci_transport.h */,
				9C46FC370FA906F700ABEF05 /* hci_transport_h4.h */,
				9C46FC360FA906F700ABEF05 /* hci_transport_h4.c */,
				9C88500C0FBF6702004980E4 /* l2cap.c */,
				9C88500D0FBF6702004980E4 /* l2cap.h */,
				9C46FBAE0FA8F31800ABEF05 /* main.c */,
			);
			name = Source;
			sourceTree = "<group>";
			usesTabs = 0;
		};
		1AB674ADFE9D54B511CA2CBB /* Products */ = {
			isa = PBXGroup;
			children = (
				8DD76FB20486AB0100D96B5E /* project */,
			);
			name = Products;
			sourceTree = "<group>";
		};
		C6A0FF2B0290797F04C91782 /* Documentation */ = {
			isa = PBXGroup;
			children = (
			);
			name = Documentation;
			sourceTree = "<group>";
		};
/* End PBXGroup section */

/* Begin PBXNativeTarget section */
		8DD76FA90486AB0100D96B5E /* project */ = {
			isa = PBXNativeTarget;
			buildConfigurationList = 1DEB928508733DD80010E9CD /* Build configuration list for PBXNativeTarget "project" */;
			buildPhases = (
				8DD76FAB0486AB0100D96B5E /* Sources */,
				8DD76FAD0486AB0100D96B5E /* Frameworks */,
				8DD76FAF0486AB0100D96B5E /* CopyFiles */,
			);
			buildRules = (
			);
			dependencies = (
			);
			name = project;
			productInstallPath = "$(HOME)/bin";
			productName = project;
			productReference = 8DD76FB20486AB0100D96B5E /* project */;
			productType = "com.apple.product-type.tool";
		};
/* End PBXNativeTarget section */

/* Begin PBXProject section */
		08FB7793FE84155DC02AAC07 /* Project object */ = {
			isa = PBXProject;
			buildConfigurationList = 1DEB928908733DD80010E9CD /* Build configuration list for PBXProject "project" */;
			compatibilityVersion = "Xcode 3.1";
			hasScannedForEncodings = 1;
			mainGroup = 08FB7794FE84155DC02AAC07 /* project */;
			projectDirPath = "";
			projectRoot = "";
			targets = (
				8DD76FA90486AB0100D96B5E /* project */,
			);
		};
/* End PBXProject section */

/* Begin PBXSourcesBuildPhase section */
		8DD76FAB0486AB0100D96B5E /* Sources */ = {
			isa = PBXSourcesBuildPhase;
			buildActionMask = 2147483647;
			files = (
				9C46FBAF0FA8F31800ABEF05 /* main.c in Sources */,
				9C46FC390FA906F700ABEF05 /* hci.c in Sources */,
				9C46FC3A0FA906F700ABEF05 /* hci_transport_h4.c in Sources */,
				9C88500E0FBF6702004980E4 /* l2cap.c in Sources */,
				9C7ECB840FCC85650085DAC5 /* bt_control_iphone.c in Sources */,
			);
			runOnlyForDeploymentPostprocessing = 0;
		};
/* End PBXSourcesBuildPhase section */

/* Begin XCBuildConfiguration section */
		1DEB928608733DD80010E9CD /* Debug */ = {
			isa = XCBuildConfiguration;
			buildSettings = {
				ALWAYS_SEARCH_USER_PATHS = NO;
				COPY_PHASE_STRIP = NO;
				GCC_DYNAMIC_NO_PIC = NO;
				GCC_ENABLE_FIX_AND_CONTINUE = YES;
				GCC_MODEL_TUNING = G5;
				GCC_OPTIMIZATION_LEVEL = 0;
				INSTALL_PATH = /usr/local/bin;
				PRODUCT_NAME = project;
			};
			name = Debug;
		};
		1DEB928708733DD80010E9CD /* Release */ = {
			isa = XCBuildConfiguration;
			buildSettings = {
				ALWAYS_SEARCH_USER_PATHS = NO;
				DEBUG_INFORMATION_FORMAT = "dwarf-with-dsym";
				GCC_MODEL_TUNING = G5;
				INSTALL_PATH = /usr/local/bin;
				PRODUCT_NAME = project;
			};
			name = Release;
		};
		1DEB928A08733DD80010E9CD /* Debug */ = {
			isa = XCBuildConfiguration;
			buildSettings = {
				ARCHS = "$(ARCHS_STANDARD_32_BIT)";
				GCC_C_LANGUAGE_STANDARD = c99;
				GCC_OPTIMIZATION_LEVEL = 0;
				GCC_WARN_ABOUT_RETURN_TYPE = YES;
				GCC_WARN_UNUSED_VARIABLE = YES;
				ONLY_ACTIVE_ARCH = YES;
				PREBINDING = NO;
				SDKROOT = macosx10.5;
			};
			name = Debug;
		};
		1DEB928B08733DD80010E9CD /* Release */ = {
			isa = XCBuildConfiguration;
			buildSettings = {
				ARCHS = "$(ARCHS_STANDARD_32_BIT)";
				GCC_C_LANGUAGE_STANDARD = c99;
				GCC_WARN_ABOUT_RETURN_TYPE = YES;
				GCC_WARN_UNUSED_VARIABLE = YES;
				PREBINDING = NO;
				SDKROOT = macosx10.5;
			};
			name = Release;
		};
		9C8852C10FC360E8004980E4 /* Debug iPhone */ = {
			isa = XCBuildConfiguration;
			buildSettings = {
				ARCHS = "$(ARCHS_STANDARD_32_BIT)";
				GCC_C_LANGUAGE_STANDARD = c99;
				GCC_OPTIMIZATION_LEVEL = 0;
				GCC_WARN_ABOUT_RETURN_TYPE = YES;
				GCC_WARN_UNUSED_VARIABLE = YES;
				ONLY_ACTIVE_ARCH = YES;
				PREBINDING = NO;
				SDKROOT = iphoneos2.0;
			};
			name = "Debug iPhone";
		};
		9C8852C20FC360E8004980E4 /* Debug iPhone */ = {
			isa = XCBuildConfiguration;
			buildSettings = {
				ALWAYS_SEARCH_USER_PATHS = NO;
				COPY_PHASE_STRIP = NO;
				GCC_DYNAMIC_NO_PIC = NO;
				GCC_ENABLE_FIX_AND_CONTINUE = YES;
				GCC_MODEL_TUNING = G5;
				GCC_OPTIMIZATION_LEVEL = 0;
				INSTALL_PATH = /usr/local/bin;
				PRODUCT_NAME = project;
			};
			name = "Debug iPhone";
		};
/* End XCBuildConfiguration section */

/* Begin XCConfigurationList section */
		1DEB928508733DD80010E9CD /* Build configuration list for PBXNativeTarget "project" */ = {
			isa = XCConfigurationList;
			buildConfigurations = (
				1DEB928608733DD80010E9CD /* Debug */,
				9C8852C20FC360E8004980E4 /* Debug iPhone */,
				1DEB928708733DD80010E9CD /* Release */,
			);
			defaultConfigurationIsVisible = 0;
			defaultConfigurationName = Release;
		};
		1DEB928908733DD80010E9CD /* Build configuration list for PBXProject "project" */ = {
			isa = XCConfigurationList;
			buildConfigurations = (
				1DEB928A08733DD80010E9CD /* Debug */,
				9C8852C10FC360E8004980E4 /* Debug iPhone */,
				1DEB928B08733DD80010E9CD /* Release */,
			);
			defaultConfigurationIsVisible = 0;
			defaultConfigurationName = Release;
		};
/* End XCConfigurationList section */
	};
	rootObject = 08FB7793FE84155DC02AAC07 /* Project object */;
}
