// !$*UTF8*$!
{
	archiveVersion = 1;
	classes = {
	};
	objectVersion = 45;
	objects = {

/* Begin PBXBuildFile section */
		1D3623260D0F684500981E51 /* WiiMoteOpenGLDemoAppDelegate.m in Sources */ = {isa = PBXBuildFile; fileRef = 1D3623250D0F684500981E51 /* WiiMoteOpenGLDemoAppDelegate.m */; };
		1D60589B0D05DD56006BFB54 /* main.m in Sources */ = {isa = PBXBuildFile; fileRef = 29B97316FDCFA39411CA2CEA /* main.m */; };
		9C0D06391091035200FC3BBA /* BTDevice.m in Sources */ = {isa = PBXBuildFile; fileRef = 9C0D06361091035200FC3BBA /* BTDevice.m */; };
		9C0D070D1092316D00FC3BBA /* EAGLViewController.m in Sources */ = {isa = PBXBuildFile; fileRef = 9C0D070C1092316D00FC3BBA /* EAGLViewController.m */; };
		9C5B871A13AFD09C00796016 /* wiimote_logo_55px.png in Resources */ = {isa = PBXBuildFile; fileRef = 9C5B871713AFD09C00796016 /* wiimote_logo_55px.png */; };
		9C5B871B13AFD09C00796016 /* wiimote_logo.png in Resources */ = {isa = PBXBuildFile; fileRef = 9C5B871813AFD09C00796016 /* wiimote_logo.png */; };
		9C5B871C13AFD09C00796016 /* wiimote_texture.png in Resources */ = {isa = PBXBuildFile; fileRef = 9C5B871913AFD09C00796016 /* wiimote_texture.png */; };
		9C5E139612DE6C7B0013EF2C /* OpenGLES.framework in Frameworks */ = {isa = PBXBuildFile; fileRef = 9C5E139512DE6C7B0013EF2C /* OpenGLES.framework */; };
		9C5E139A12DE6C8A0013EF2C /* CoreGraphics.framework in Frameworks */ = {isa = PBXBuildFile; fileRef = 9C5E139912DE6C8A0013EF2C /* CoreGraphics.framework */; };
		9C5E139E12DE6C960013EF2C /* UIKit.framework in Frameworks */ = {isa = PBXBuildFile; fileRef = 9C5E139D12DE6C960013EF2C /* UIKit.framework */; };
		9C5E13A212DE6CAA0013EF2C /* CoreFoundation.framework in Frameworks */ = {isa = PBXBuildFile; fileRef = 9C5E13A112DE6CAA0013EF2C /* CoreFoundation.framework */; };
		9C5E13A812DE6CB30013EF2C /* Foundation.framework in Frameworks */ = {isa = PBXBuildFile; fileRef = 9C5E13A712DE6CB30013EF2C /* Foundation.framework */; };
		9C8B71C712DBB9FE00E3FD8A /* BTstackManager.m in Sources */ = {isa = PBXBuildFile; fileRef = 9C8B71C412DBB9FE00E3FD8A /* BTstackManager.m */; };
		9C8B71C812DBB9FE00E3FD8A /* BTDiscoveryViewController.m in Sources */ = {isa = PBXBuildFile; fileRef = 9C8B71C612DBB9FE00E3FD8A /* BTDiscoveryViewController.m */; };
		9CB96EEF10278D8D002663D0 /* EAGLView.m in Sources */ = {isa = PBXBuildFile; fileRef = 28FD14FD0DC6FC130079059D /* EAGLView.m */; };
		9CD1C867117E2F6900C7A4F4 /* libBTstack.dylib in Frameworks */ = {isa = PBXBuildFile; fileRef = 9CD1C866117E2F6900C7A4F4 /* libBTstack.dylib */; settings = {ATTRIBUTES = (Weak, ); }; };
		9CFFD60E11C5484300A37038 /* rotation.c in Sources */ = {isa = PBXBuildFile; fileRef = 9CFFD60D11C5484300A37038 /* rotation.c */; };
/* End PBXBuildFile section */

/* Begin PBXFileReference section */
		1D3623240D0F684500981E51 /* WiiMoteOpenGLDemoAppDelegate.h */ = {isa = PBXFileReference; fileEncoding = 4; lastKnownFileType = sourcecode.c.h; path = WiiMoteOpenGLDemoAppDelegate.h; sourceTree = "<group>"; };
		1D3623250D0F684500981E51 /* WiiMoteOpenGLDemoAppDelegate.m */ = {isa = PBXFileReference; fileEncoding = 4; lastKnownFileType = sourcecode.c.objc; path = WiiMoteOpenGLDemoAppDelegate.m; sourceTree = "<group>"; };
		1D6058910D05DD3D006BFB54 /* WiiMoteOpenGLDemo.app */ = {isa = PBXFileReference; explicitFileType = wrapper.application; includeInIndex = 0; path = WiiMoteOpenGLDemo.app; sourceTree = BUILT_PRODUCTS_DIR; };
		28FD14FC0DC6FC130079059D /* EAGLView.h */ = {isa = PBXFileReference; fileEncoding = 4; lastKnownFileType = sourcecode.c.h; path = EAGLView.h; sourceTree = "<group>"; };
		28FD14FD0DC6FC130079059D /* EAGLView.m */ = {isa = PBXFileReference; fileEncoding = 4; lastKnownFileType = sourcecode.c.objc; path = EAGLView.m; sourceTree = "<group>"; };
		29B97316FDCFA39411CA2CEA /* main.m */ = {isa = PBXFileReference; fileEncoding = 4; lastKnownFileType = sourcecode.c.objc; path = main.m; sourceTree = "<group>"; };
		32CA4F630368D1EE00C91783 /* WiiMoteOpenGLDemo_Prefix.pch */ = {isa = PBXFileReference; fileEncoding = 4; lastKnownFileType = sourcecode.c.h; path = WiiMoteOpenGLDemo_Prefix.pch; sourceTree = "<group>"; };
		9C0D06351091035200FC3BBA /* BTDevice.h */ = {isa = PBXFileReference; fileEncoding = 5; lastKnownFileType = sourcecode.c.h; name = BTDevice.h; path = ../../CocoaTouch/include/BTstack/BTDevice.h; sourceTree = SOURCE_ROOT; };
		9C0D06361091035200FC3BBA /* BTDevice.m */ = {isa = PBXFileReference; fileEncoding = 5; lastKnownFileType = sourcecode.c.objc; name = BTDevice.m; path = ../../CocoaTouch/src/BTDevice.m; sourceTree = SOURCE_ROOT; };
		9C0D070B1092316D00FC3BBA /* EAGLViewController.h */ = {isa = PBXFileReference; fileEncoding = 4; lastKnownFileType = sourcecode.c.h; path = EAGLViewController.h; sourceTree = "<group>"; };
		9C0D070C1092316D00FC3BBA /* EAGLViewController.m */ = {isa = PBXFileReference; fileEncoding = 4; lastKnownFileType = sourcecode.c.objc; path = EAGLViewController.m; sourceTree = "<group>"; };
		9C18001B108B94FB00824BE7 /* btstack.h */ = {isa = PBXFileReference; fileEncoding = 5; lastKnownFileType = sourcecode.c.h; path = btstack.h; sourceTree = "<group>"; };
		9C18001C108B94FB00824BE7 /* hci_cmds.h */ = {isa = PBXFileReference; fileEncoding = 5; lastKnownFileType = sourcecode.c.h; path = hci_cmds.h; sourceTree = "<group>"; };
		9C18001D108B94FB00824BE7 /* linked_list.h */ = {isa = PBXFileReference; fileEncoding = 5; lastKnownFileType = sourcecode.c.h; path = linked_list.h; sourceTree = "<group>"; };
		9C18001E108B94FB00824BE7 /* run_loop.h */ = {isa = PBXFileReference; fileEncoding = 5; lastKnownFileType = sourcecode.c.h; path = run_loop.h; sourceTree = "<group>"; };
		9C18001F108B94FB00824BE7 /* utils.h */ = {isa = PBXFileReference; fileEncoding = 5; lastKnownFileType = sourcecode.c.h; path = utils.h; sourceTree = "<group>"; };
		9C5B871713AFD09C00796016 /* wiimote_logo_55px.png */ = {isa = PBXFileReference; lastKnownFileType = image.png; name = wiimote_logo_55px.png; path = Resources/wiimote_logo_55px.png; sourceTree = "<group>"; };
		9C5B871813AFD09C00796016 /* wiimote_logo.png */ = {isa = PBXFileReference; lastKnownFileType = image.png; name = wiimote_logo.png; path = Resources/wiimote_logo.png; sourceTree = "<group>"; };
		9C5B871913AFD09C00796016 /* wiimote_texture.png */ = {isa = PBXFileReference; lastKnownFileType = image.png; name = wiimote_texture.png; path = Resources/wiimote_texture.png; sourceTree = "<group>"; };
		9C5E139512DE6C7B0013EF2C /* OpenGLES.framework */ = {isa = PBXFileReference; lastKnownFileType = wrapper.framework; name = OpenGLES.framework; path = System/Library/Frameworks/OpenGLES.framework; sourceTree = SDKROOT; };
		9C5E139912DE6C8A0013EF2C /* CoreGraphics.framework */ = {isa = PBXFileReference; lastKnownFileType = wrapper.framework; name = CoreGraphics.framework; path = System/Library/Frameworks/CoreGraphics.framework; sourceTree = SDKROOT; };
		9C5E139D12DE6C960013EF2C /* UIKit.framework */ = {isa = PBXFileReference; lastKnownFileType = wrapper.framework; name = UIKit.framework; path = System/Library/Frameworks/UIKit.framework; sourceTree = SDKROOT; };
		9C5E13A112DE6CAA0013EF2C /* CoreFoundation.framework */ = {isa = PBXFileReference; lastKnownFileType = wrapper.framework; name = CoreFoundation.framework; path = System/Library/Frameworks/CoreFoundation.framework; sourceTree = SDKROOT; };
		9C5E13A712DE6CB30013EF2C /* Foundation.framework */ = {isa = PBXFileReference; lastKnownFileType = wrapper.framework; name = Foundation.framework; path = System/Library/Frameworks/Foundation.framework; sourceTree = SDKROOT; };
		9C8B71C312DBB9FE00E3FD8A /* BTstackManager.h */ = {isa = PBXFileReference; fileEncoding = 5; lastKnownFileType = sourcecode.c.h; name = BTstackManager.h; path = ../../CocoaTouch/include/BTstack/BTstackManager.h; sourceTree = SOURCE_ROOT; };
		9C8B71C412DBB9FE00E3FD8A /* BTstackManager.m */ = {isa = PBXFileReference; fileEncoding = 5; lastKnownFileType = sourcecode.c.objc; name = BTstackManager.m; path = ../../CocoaTouch/src/BTstackManager.m; sourceTree = SOURCE_ROOT; };
		9C8B71C512DBB9FE00E3FD8A /* BTDiscoveryViewController.h */ = {isa = PBXFileReference; fileEncoding = 5; lastKnownFileType = sourcecode.c.h; name = BTDiscoveryViewController.h; path = ../../CocoaTouch/include/BTstack/BTDiscoveryViewController.h; sourceTree = SOURCE_ROOT; };
		9C8B71C612DBB9FE00E3FD8A /* BTDiscoveryViewController.m */ = {isa = PBXFileReference; fileEncoding = 5; lastKnownFileType = sourcecode.c.objc; name = BTDiscoveryViewController.m; path = ../../CocoaTouch/src/BTDiscoveryViewController.m; sourceTree = SOURCE_ROOT; };
		9CD1C866117E2F6900C7A4F4 /* libBTstack.dylib */ = {isa = PBXFileReference; lastKnownFileType = "compiled.mach-o.dylib"; name = libBTstack.dylib; path = ../../src/libBTstack.dylib; sourceTree = SOURCE_ROOT; };
		9CFFD60D11C5484300A37038 /* rotation.c */ = {isa = PBXFileReference; fileEncoding = 5; lastKnownFileType = sourcecode.c.c; path = rotation.c; sourceTree = "<group>"; };
/* End PBXFileReference section */

/* Begin PBXFrameworksBuildPhase section */
		1D60588F0D05DD3D006BFB54 /* Frameworks */ = {
			isa = PBXFrameworksBuildPhase;
			buildActionMask = 2147483647;
			files = (
				9CD1C867117E2F6900C7A4F4 /* libBTstack.dylib in Frameworks */,
				9C5E139612DE6C7B0013EF2C /* OpenGLES.framework in Frameworks */,
				9C5E139A12DE6C8A0013EF2C /* CoreGraphics.framework in Frameworks */,
				9C5E139E12DE6C960013EF2C /* UIKit.framework in Frameworks */,
				9C5E13A212DE6CAA0013EF2C /* CoreFoundation.framework in Frameworks */,
				9C5E13A812DE6CB30013EF2C /* Foundation.framework in Frameworks */,
			);
			runOnlyForDeploymentPostprocessing = 0;
		};
/* End PBXFrameworksBuildPhase section */

/* Begin PBXGroup section */
		080E96DDFE201D6D7F000001 /* Classes */ = {
			isa = PBXGroup;
			children = (
				28FD14FC0DC6FC130079059D /* EAGLView.h */,
				28FD14FD0DC6FC130079059D /* EAGLView.m */,
				9C0D070B1092316D00FC3BBA /* EAGLViewController.h */,
				9C0D070C1092316D00FC3BBA /* EAGLViewController.m */,
				1D3623240D0F684500981E51 /* WiiMoteOpenGLDemoAppDelegate.h */,
				1D3623250D0F684500981E51 /* WiiMoteOpenGLDemoAppDelegate.m */,
			);
			path = Classes;
			sourceTree = "<group>";
		};
		19C28FACFE9D520D11CA2CBB /* Products */ = {
			isa = PBXGroup;
			children = (
				1D6058910D05DD3D006BFB54 /* WiiMoteOpenGLDemo.app */,
			);
			name = Products;
			sourceTree = "<group>";
		};
		29B97314FDCFA39411CA2CEA /* CustomTemplate */ = {
			isa = PBXGroup;
			children = (
				9CD1C866117E2F6900C7A4F4 /* libBTstack.dylib */,
				9C18001A108B94FB00824BE7 /* btstack */,
				9CCE6DC71025E0A600FCE9F4 /* BTstack */,
				080E96DDFE201D6D7F000001 /* Classes */,
				29B97315FDCFA39411CA2CEA /* Other Sources */,
				29B97317FDCFA39411CA2CEA /* Resources */,
				29B97323FDCFA39411CA2CEA /* Frameworks */,
				19C28FACFE9D520D11CA2CBB /* Products */,
			);
			name = CustomTemplate;
			sourceTree = "<group>";
		};
		29B97315FDCFA39411CA2CEA /* Other Sources */ = {
			isa = PBXGroup;
			children = (
				9CFFD60D11C5484300A37038 /* rotation.c */,
				32CA4F630368D1EE00C91783 /* WiiMoteOpenGLDemo_Prefix.pch */,
				29B97316FDCFA39411CA2CEA /* main.m */,
			);
			name = "Other Sources";
			sourceTree = "<group>";
		};
		29B97317FDCFA39411CA2CEA /* Resources */ = {
			isa = PBXGroup;
			children = (
				9C5B871713AFD09C00796016 /* wiimote_logo_55px.png */,
				9C5B871813AFD09C00796016 /* wiimote_logo.png */,
				9C5B871913AFD09C00796016 /* wiimote_texture.png */,
			);
			name = Resources;
			sourceTree = "<group>";
		};
		29B97323FDCFA39411CA2CEA /* Frameworks */ = {
			isa = PBXGroup;
			children = (
				9C5E139512DE6C7B0013EF2C /* OpenGLES.framework */,
				9C5E139912DE6C8A0013EF2C /* CoreGraphics.framework */,
				9C5E139D12DE6C960013EF2C /* UIKit.framework */,
				9C5E13A112DE6CAA0013EF2C /* CoreFoundation.framework */,
				9C5E13A712DE6CB30013EF2C /* Foundation.framework */,
			);
			name = Frameworks;
			sourceTree = "<group>";
		};
		9C18001A108B94FB00824BE7 /* btstack */ = {
			isa = PBXGroup;
			children = (
				9C18001B108B94FB00824BE7 /* btstack.h */,
				9C18001C108B94FB00824BE7 /* hci_cmds.h */,
				9C18001D108B94FB00824BE7 /* linked_list.h */,
				9C18001E108B94FB00824BE7 /* run_loop.h */,
				9C18001F108B94FB00824BE7 /* utils.h */,
			);
			name = btstack;
			path = ../../include/btstack;
			sourceTree = SOURCE_ROOT;
		};
		9CCE6DC71025E0A600FCE9F4 /* BTstack */ = {
			isa = PBXGroup;
			children = (
				9C0D06351091035200FC3BBA /* BTDevice.h */,
				9C0D06361091035200FC3BBA /* BTDevice.m */,
				9C8B71C312DBB9FE00E3FD8A /* BTstackManager.h */,
				9C8B71C412DBB9FE00E3FD8A /* BTstackManager.m */,
				9C8B71C512DBB9FE00E3FD8A /* BTDiscoveryViewController.h */,
				9C8B71C612DBB9FE00E3FD8A /* BTDiscoveryViewController.m */,
			);
			name = BTstack;
			sourceTree = "<group>";
		};
/* End PBXGroup section */

/* Begin PBXNativeTarget section */
		1D6058900D05DD3D006BFB54 /* WiiMoteOpenGLDemo */ = {
			isa = PBXNativeTarget;
			buildConfigurationList = 1D6058960D05DD3E006BFB54 /* Build configuration list for PBXNativeTarget "WiiMoteOpenGLDemo" */;
			buildPhases = (
				1D60588D0D05DD3D006BFB54 /* Resources */,
				1D60588E0D05DD3D006BFB54 /* Sources */,
				1D60588F0D05DD3D006BFB54 /* Frameworks */,
			);
			buildRules = (
			);
			dependencies = (
			);
			name = WiiMoteOpenGLDemo;
			productName = WiiMoteOpenGLDemo;
			productReference = 1D6058910D05DD3D006BFB54 /* WiiMoteOpenGLDemo.app */;
			productType = "com.apple.product-type.application";
		};
/* End PBXNativeTarget section */

/* Begin PBXProject section */
		29B97313FDCFA39411CA2CEA /* Project object */ = {
			isa = PBXProject;
			buildConfigurationList = C01FCF4E08A954540054247B /* Build configuration list for PBXProject "WiiMoteOpenGLDemo" */;
			compatibilityVersion = "Xcode 3.1";
			developmentRegion = English;
			hasScannedForEncodings = 1;
			knownRegions = (
				English,
				Japanese,
				French,
				German,
			);
			mainGroup = 29B97314FDCFA39411CA2CEA /* CustomTemplate */;
			projectDirPath = "";
			projectRoot = "";
			targets = (
				1D6058900D05DD3D006BFB54 /* WiiMoteOpenGLDemo */,
			);
		};
/* End PBXProject section */

/* Begin PBXResourcesBuildPhase section */
		1D60588D0D05DD3D006BFB54 /* Resources */ = {
			isa = PBXResourcesBuildPhase;
			buildActionMask = 2147483647;
			files = (
				9C5B871A13AFD09C00796016 /* wiimote_logo_55px.png in Resources */,
				9C5B871B13AFD09C00796016 /* wiimote_logo.png in Resources */,
				9C5B871C13AFD09C00796016 /* wiimote_texture.png in Resources */,
			);
			runOnlyForDeploymentPostprocessing = 0;
		};
/* End PBXResourcesBuildPhase section */

/* Begin PBXSourcesBuildPhase section */
		1D60588E0D05DD3D006BFB54 /* Sources */ = {
			isa = PBXSourcesBuildPhase;
			buildActionMask = 2147483647;
			files = (
				1D60589B0D05DD56006BFB54 /* main.m in Sources */,
				1D3623260D0F684500981E51 /* WiiMoteOpenGLDemoAppDelegate.m in Sources */,
				9CB96EEF10278D8D002663D0 /* EAGLView.m in Sources */,
				9C0D06391091035200FC3BBA /* BTDevice.m in Sources */,
				9C0D070D1092316D00FC3BBA /* EAGLViewController.m in Sources */,
				9CFFD60E11C5484300A37038 /* rotation.c in Sources */,
				9C8B71C712DBB9FE00E3FD8A /* BTstackManager.m in Sources */,
				9C8B71C812DBB9FE00E3FD8A /* BTDiscoveryViewController.m in Sources */,
			);
			runOnlyForDeploymentPostprocessing = 0;
		};
/* End PBXSourcesBuildPhase section */

/* Begin XCBuildConfiguration section */
		1D6058940D05DD3E006BFB54 /* Debug */ = {
			isa = XCBuildConfiguration;
			buildSettings = {
				ALWAYS_SEARCH_USER_PATHS = NO;
				COPY_PHASE_STRIP = NO;
				GCC_DYNAMIC_NO_PIC = NO;
				GCC_OPTIMIZATION_LEVEL = 0;
				GCC_PRECOMPILE_PREFIX_HEADER = YES;
				GCC_PREFIX_HEADER = WiiMoteOpenGLDemo_Prefix.pch;
				INFOPLIST_FILE = Info.plist;
				LIBRARY_SEARCH_PATHS = (
					"$(inherited)",
					"\"$(SRCROOT)/../../src\"",
				);
				PRODUCT_NAME = WiiMoteOpenGLDemo;
			};
			name = Debug;
		};
		1D6058950D05DD3E006BFB54 /* Release */ = {
			isa = XCBuildConfiguration;
			buildSettings = {
				ALWAYS_SEARCH_USER_PATHS = NO;
				COPY_PHASE_STRIP = YES;
				GCC_PRECOMPILE_PREFIX_HEADER = YES;
				GCC_PREFIX_HEADER = WiiMoteOpenGLDemo_Prefix.pch;
				INFOPLIST_FILE = Info.plist;
				LIBRARY_SEARCH_PATHS = (
					"$(inherited)",
					"\"$(SRCROOT)/../btstack/src\"",
					"\"$(SRCROOT)/../../src\"",
				);
				PRODUCT_NAME = WiiMoteOpenGLDemo;
			};
			name = Release;
		};
		C01FCF4F08A954540054247B /* Debug */ = {
			isa = XCBuildConfiguration;
			buildSettings = {
				ARCHS = "$(ARCHS_STANDARD_32_BIT)";
				"CODE_SIGN_IDENTITY[sdk=iphoneos*]" = "Don't Code Sign";
				GCC_C_LANGUAGE_STANDARD = c99;
				GCC_VERSION = 4.2;
				GCC_WARN_ABOUT_RETURN_TYPE = YES;
				GCC_WARN_UNUSED_VARIABLE = YES;
				INFOPLIST_FILE = Resources/Info.plist;
				ONLY_ACTIVE_ARCH = YES;
				OTHER_CFLAGS = (
					"-I../../CocoaTouch/include",
					"-I../../include",
				);
				OTHER_CPLUSPLUSFLAGS = "";
				OTHER_LDFLAGS = (
					"-L../../src/",
					"-lbtstack",
				);
				PREBINDING = NO;
				SDKROOT = iphoneos3.0;
				USER_HEADER_SEARCH_PATHS = "";
			};
			name = Debug;
		};
		C01FCF5008A954540054247B /* Release */ = {
			isa = XCBuildConfiguration;
			buildSettings = {
				ARCHS = "$(ARCHS_STANDARD_32_BIT)";
				"CODE_SIGN_IDENTITY[sdk=iphoneos*]" = "Don't Code Sign";
				GCC_C_LANGUAGE_STANDARD = c99;
				GCC_VERSION = 4.2;
				GCC_WARN_ABOUT_RETURN_TYPE = YES;
				GCC_WARN_UNUSED_VARIABLE = YES;
				ONLY_ACTIVE_ARCH = YES;
				OTHER_CFLAGS = (
					"-I../../CocoaTouch/include",
					"-I../../include",
				);
				OTHER_CPLUSPLUSFLAGS = "";
				OTHER_LDFLAGS = (
					"-L../../src/",
					"-lbtstack",
				);
				PREBINDING = NO;
				SDKROOT = iphoneos3.0;
				USER_HEADER_SEARCH_PATHS = "";
			};
			name = Release;
		};
/* End XCBuildConfiguration section */

/* Begin XCConfigurationList section */
		1D6058960D05DD3E006BFB54 /* Build configuration list for PBXNativeTarget "WiiMoteOpenGLDemo" */ = {
			isa = XCConfigurationList;
			buildConfigurations = (
				1D6058940D05DD3E006BFB54 /* Debug */,
				1D6058950D05DD3E006BFB54 /* Release */,
			);
			defaultConfigurationIsVisible = 0;
			defaultConfigurationName = Release;
		};
		C01FCF4E08A954540054247B /* Build configuration list for PBXProject "WiiMoteOpenGLDemo" */ = {
			isa = XCConfigurationList;
			buildConfigurations = (
				C01FCF4F08A954540054247B /* Debug */,
				C01FCF5008A954540054247B /* Release */,
			);
			defaultConfigurationIsVisible = 0;
			defaultConfigurationName = Release;
		};
/* End XCConfigurationList section */
	};
	rootObject = 29B97313FDCFA39411CA2CEA /* Project object */;
}
