#MicroXplorer Configuration settings - do not modify
Mcu.Family=STM32L4
Dma.SPI2_RX.0.Instance=DMA1_Channel4
ProjectManager.MainLocation=Src
RCC.USART1Freq_Value=72000000
TIM2.Channel-Output\ Compare1\ No\ Output=TIM_CHANNEL_1
RCC.SAI1Freq_Value=4571428.571428572
Dma.SPI2_RX.0.RequestParameters=Instance,Direction,PeriphInc,MemInc,PeriphDataAlignment,MemDataAlignment,Mode,Priority
RCC.CortexFreq_Value=72000000
NVIC.DMA1_Channel5_IRQn=true\:0\:0\:false\:false\:true\:false\:true
ProjectManager.KeepUserCode=true
Mcu.UserName=STM32L451REIx
SPI2.VirtualType=VM_MASTER
PB10.Mode=Full_Duplex_Master
PB14.GPIO_Label=RF_MISO
RCC.PLLSAI1RoutputFreq_Value=16000000
PC5.Locked=true
ProjectManager.functionlistsort=1-MX_GPIO_Init-GPIO-false-HAL-true,2-MX_DMA_Init-DMA-false-HAL-true,3-SystemClock_Config-RCC-false-HAL-false,4-MX_SPI2_Init-SPI2-false-HAL-true,5-MX_TIM2_Init-TIM2-false-HAL-true,6-MX_LPTIM1_Init-LPTIM1-false-HAL-true
Dma.SPI2_TX.1.PeriphInc=DMA_PINC_DISABLE
RCC.USART2Freq_Value=72000000
PC15-OSC32_OUT\ (PC15).Mode=LSE-External-Oscillator
PB15.Signal=SPI2_MOSI
PinOutPanel.RotationAngle=0
RCC.MCO1PinFreq_Value=72000000
RCC.SYSCLKSource=RCC_SYSCLKSOURCE_PLLCLK
ProjectManager.StackSize=0x400
PC14-OSC32_IN\ (PC14).Mode=LSE-External-Oscillator
Dma.SPI2_TX.1.RequestParameters=Instance,Direction,PeriphInc,MemInc,PeriphDataAlignment,MemDataAlignment,Mode,Priority
RCC.I2C3Freq_Value=72000000
RCC.LPTIM1Freq_Value=32768
Mcu.IP4=SPI2
SH.GPXTI7.ConfNb=1
RCC.FCLKCortexFreq_Value=72000000
Mcu.IP5=SYS
Mcu.IP2=NVIC
NVIC.SVCall_IRQn=true\:0\:0\:false\:false\:true\:false\:false
Mcu.IP3=RCC
Mcu.IP0=DMA
Mcu.IP1=LPTIM1
Mcu.UserConstants=
RCC.VCOSAI1OutputFreq_Value=32000000
RCC.SDMMCFreq_Value=16000000
Mcu.ThirdPartyNb=0
RCC.HCLKFreq_Value=72000000
RCC.I2C4Freq_Value=72000000
Mcu.IPNb=7
TIM2.IPParameters=Period,Channel-Output Compare1 No Output,Prescaler
ProjectManager.PreviousToolchain=
RCC.APB2TimFreq_Value=72000000
Mcu.Pin6=PA1
Mcu.Pin7=PA4
VP_TIM2_VS_ClockSourceINT.Signal=TIM2_VS_ClockSourceINT
Mcu.Pin8=PA7
Mcu.Pin9=PC4
RCC.AHBFreq_Value=72000000
SPI2.BaudRatePrescaler=SPI_BAUDRATEPRESCALER_4
Mcu.Pin0=PC14-OSC32_IN (PC14)
Mcu.Pin1=PC15-OSC32_OUT (PC15)
GPIO.groupedBy=Group By Peripherals
Mcu.Pin2=PB15
Mcu.Pin3=PB14
RCC.USART3Freq_Value=72000000
Mcu.Pin4=PA6
Mcu.Pin5=PB10
ProjectManager.ProjectBuild=false
RCC.HSE_VALUE=8000000
NVIC.UsageFault_IRQn=true\:0\:0\:false\:false\:true\:false\:false
VP_TIM2_VS_no_output1.Mode=Output Compare1 No Output
NVIC.DebugMonitor_IRQn=true\:0\:0\:false\:false\:true\:false\:false
PA4.Locked=true
NVIC.SysTick_IRQn=true\:0\:0\:false\:false\:true\:false\:true
SH.GPXTI7.0=GPIO_EXTI7
PB12.GPIO_Label=RF_NSS
ProjectManager.FirmwarePackage=STM32Cube FW_L4 V1.15.1
MxDb.Version=DB.5.0.60
PA1.GPIOParameters=GPIO_Label
ProjectManager.BackupPrevious=false
RCC.VCOInputFreq_Value=4000000
PB14.Mode=Full_Duplex_Master
NVIC.TIM2_IRQn=true\:0\:0\:false\:false\:true\:true\:true
File.Version=6
SPI2.CalculateBaudRate=18.0 MBits/s
Dma.SPI2_RX.0.MemDataAlignment=DMA_MDATAALIGN_BYTE
NVIC.SPI2_IRQn=true\:0\:0\:false\:false\:true\:true\:true
RCC.PLLRCLKFreq_Value=72000000
NVIC.PendSV_IRQn=true\:0\:0\:false\:false\:true\:false\:false
Dma.RequestsNb=2
ProjectManager.HalAssertFull=false
Dma.SPI2_RX.0.MemInc=DMA_MINC_ENABLE
ProjectManager.ProjectName=sx1280-ble
Mcu.Package=UFBGA64
TIM2.Prescaler=71
PA6.Signal=GPXTI6
Dma.SPI2_TX.1.Mode=DMA_NORMAL
PA7.Locked=true
SPI2.Mode=SPI_MODE_MASTER
ProjectManager.ToolChainLocation=
RCC.LSI_VALUE=32000
VP_SYS_VS_Systick.Signal=SYS_VS_Systick
VP_LPTIM1_VS_LPTIM_counterModeInternalClock.Mode=Counts__internal_clock_event_00
RCC.LSCOPinFreq_Value=32000
RCC.DFSDMFreq_Value=72000000
Dma.SPI2_TX.1.Instance=DMA1_Channel5
PB14.GPIOParameters=GPIO_Label
RCC.PLLPoutputFreq_Value=20571428.57142857
Dma.Request1=SPI2_TX
RCC.APB1TimFreq_Value=72000000
NVIC.BusFault_IRQn=true\:0\:0\:false\:false\:true\:false\:false
PC4.Locked=true
RCC.LPUART1Freq_Value=72000000
SPI2.Direction=SPI_DIRECTION_2LINES
PC5.Signal=GPIO_Output
Dma.SPI2_RX.0.Direction=DMA_PERIPH_TO_MEMORY
PB10.GPIOParameters=GPIO_Label
NVIC.DMA1_Channel4_IRQn=true\:0\:0\:false\:false\:true\:false\:true
Dma.Request0=SPI2_RX
PA4.GPIO_Label=RF_TXCO
ProjectManager.CustomerFirmwarePackage=
RCC.HSI48_VALUE=48000000
PB15.Locked=true
RCC.MSI_VALUE=4000000
Dma.SPI2_TX.1.MemInc=DMA_MINC_ENABLE
NVIC.EXTI4_IRQn=true\:0\:0\:false\:false\:true\:true\:true
RCC.PLLQoutputFreq_Value=72000000
ProjectManager.ProjectFileName=sx1280-ble.ioc
Mcu.PinsNb=16
ProjectManager.NoMain=false
Dma.SPI2_RX.0.Mode=DMA_NORMAL
PC4.Signal=GPXTI4
ProjectManager.DefaultFWLocation=true
PC15-OSC32_OUT\ (PC15).Signal=RCC_OSC32_OUT
PB12.Locked=true
ProjectManager.DeletePrevious=true
PB14.Locked=true
PB10.Locked=true
PinOutPanel.CurrentBGAView=Top
RCC.FamilyName=M
SH.GPXTI6.0=GPIO_EXTI6
SH.GPXTI6.ConfNb=1
Dma.SPI2_RX.0.PeriphDataAlignment=DMA_PDATAALIGN_BYTE
ProjectManager.TargetToolchain=Makefile
PB10.GPIO_Label=RF_SCK
PC5.GPIOParameters=GPIO_Label
RCC.LPTIM1CLockSelection=RCC_LPTIM1CLKSOURCE_LSE
SPI2.IPParameters=VirtualType,Mode,Direction,CalculateBaudRate,DataSize,BaudRatePrescaler
PA1.Signal=GPIO_Input
PB12.GPIO_Speed=GPIO_SPEED_FREQ_VERY_HIGH
RCC.PLLSAI1PoutputFreq_Value=4571428.571428572
VP_TIM2_VS_no_output1.Signal=TIM2_VS_no_output1
PB10.Signal=SPI2_SCK
PB14.Signal=SPI2_MISO
board=custom
Dma.SPI2_TX.1.Direction=DMA_MEMORY_TO_PERIPH
RCC.VCOOutputFreq_Value=144000000
ProjectManager.LastFirmware=true
PB15.Mode=Full_Duplex_Master
NVIC.LPTIM1_IRQn=true\:0\:0\:false\:false\:true\:true\:true
RCC.APB2Freq_Value=72000000
RCC.UART4Freq_Value=72000000
Dma.SPI2_TX.1.PeriphDataAlignment=DMA_PDATAALIGN_BYTE
MxCube.Version=5.6.1
PB15.GPIO_Label=RF_MOSI
VP_TIM2_VS_ClockSourceINT.Mode=Internal
RCC.I2C1Freq_Value=72000000
Dma.SPI2_TX.1.Priority=DMA_PRIORITY_LOW
RCC.RNGFreq_Value=16000000
RCC.PLLSAI1QoutputFreq_Value=16000000
RCC.ADCFreq_Value=16000000
PA1.GPIO_Label=RF_BUSY
VP_SYS_VS_Systick.Mode=SysTick
NVIC.NonMaskableInt_IRQn=true\:0\:0\:false\:false\:true\:false\:false
PA4.GPIOParameters=GPIO_Label
TIM2.Period=0xffffffff
PB15.GPIOParameters=GPIO_Label
Dma.SPI2_RX.0.Priority=DMA_PRIORITY_LOW
ProjectManager.FreePins=false
RCC.IPParameters=ADCFreq_Value,AHBFreq_Value,APB1Freq_Value,APB1TimFreq_Value,APB2Freq_Value,APB2TimFreq_Value,CortexFreq_Value,DFSDMFreq_Value,FCLKCortexFreq_Value,FamilyName,HCLKFreq_Value,HSE_VALUE,HSI48_VALUE,HSI_VALUE,I2C1Freq_Value,I2C2Freq_Value,I2C3Freq_Value,I2C4Freq_Value,LPTIM1CLockSelection,LPTIM1Freq_Value,LPTIM2Freq_Value,LPUART1Freq_Value,LSCOPinFreq_Value,LSI_VALUE,MCO1PinFreq_Value,MSI_VALUE,PLLN,PLLPoutputFreq_Value,PLLQoutputFreq_Value,PLLRCLKFreq_Value,PLLSAI1PoutputFreq_Value,PLLSAI1QoutputFreq_Value,PLLSAI1RoutputFreq_Value,PWRFreq_Value,RNGFreq_Value,SAI1Freq_Value,SDMMCFreq_Value,SYSCLKFreq_VALUE,SYSCLKSource,UART4Freq_Value,USART1Freq_Value,USART2Freq_Value,USART3Freq_Value,VCOInputFreq_Value,VCOOutputFreq_Value,VCOSAI1OutputFreq_Value
ProjectManager.AskForMigrate=true
Mcu.Name=STM32L451R(C-E)Ix
RCC.LPTIM2Freq_Value=72000000
ProjectManager.UnderRoot=false
Mcu.IP6=TIM2
ProjectManager.CoupleFile=false
PA4.Signal=GPIO_Output
RCC.SYSCLKFreq_VALUE=72000000
PA1.Locked=true
SH.GPXTI4.0=GPIO_EXTI4
NVIC.ForceEnableDMAVector=true
KeepUserPlacement=false
PC5.GPIO_Label=RF_RESET
PC14-OSC32_IN\ (PC14).Signal=RCC_OSC32_IN
Dma.SPI2_RX.0.PeriphInc=DMA_PINC_DISABLE
NVIC.MemoryManagement_IRQn=true\:0\:0\:false\:false\:true\:false\:false
ProjectManager.CompilerOptimize=6
NVIC.EXTI9_5_IRQn=true\:0\:0\:false\:false\:true\:true\:true
ProjectManager.HeapSize=0x200
Mcu.Pin15=VP_TIM2_VS_no_output1
NVIC.HardFault_IRQn=true\:0\:0\:false\:false\:true\:false\:false
Mcu.Pin13=VP_SYS_VS_Systick
SH.GPXTI4.ConfNb=1
Mcu.Pin14=VP_TIM2_VS_ClockSourceINT
ProjectManager.ComputerToolchain=false
RCC.HSI_VALUE=16000000
NVIC.PriorityGroup=NVIC_PRIORITYGROUP_4
Mcu.Pin11=PB12
Mcu.Pin12=VP_LPTIM1_VS_LPTIM_counterModeInternalClock
RCC.PLLN=36
Mcu.Pin10=PC5
VP_LPTIM1_VS_LPTIM_counterModeInternalClock.Signal=LPTIM1_VS_LPTIM_counterModeInternalClock
RCC.PWRFreq_Value=72000000
SPI2.DataSize=SPI_DATASIZE_8BIT
RCC.I2C2Freq_Value=72000000
RCC.APB1Freq_Value=72000000
Dma.SPI2_TX.1.MemDataAlignment=DMA_MDATAALIGN_BYTE
ProjectManager.DeviceId=STM32L451REIx
PB12.GPIOParameters=GPIO_Speed,GPIO_Label
PB12.Signal=GPIO_Output
ProjectManager.LibraryCopy=0
PA7.Signal=GPXTI7
PA6.Locked=true
