<?xml version="1.0" encoding="utf-8"?>
<Project ToolsVersion="4.0" xmlns="http://schemas.microsoft.com/developer/msbuild/2003">
  <ItemGroup>
    <Filter Include="Header Files">
      <UniqueIdentifier>{7e1e245a-445c-4e12-8def-597a1154ab80}</UniqueIdentifier>
      <Extensions>h;hpp;hxx;hm;inl</Extensions>
    </Filter>
  </ItemGroup>
  <ItemGroup>
    <ClInclude Include="..\h\LiveImportAPI.h">
      <Filter>Header Files</Filter>
    </ClInclude>
    <ClInclude Include="serial_port.h">
      <Filter>Header Files</Filter>
    </ClInclude>
    <ClInclude Include="fifo.h">
      <Filter>Header Files</Filter>
    </ClInclude>
    <ClInclude Include="type.h">
      <Filter>Header Files</Filter>
    </ClInclude>
  </ItemGroup>
  <ItemGroup>
    <ClCompile Include="serial_port.c" />
    <ClCompile Include="main.c" />
    <ClCompile Include="fifo.c" />
  </ItemGroup>
</Project>