#MicroXplorer Configuration settings - do not modify
Mcu.Family=STM32L4
ProjectManager.MainLocation=Src
PA2.GPIO_PuPd=GPIO_NOPULL
Dma.SPI1_TX.1.Priority=DMA_PRIORITY_HIGH
PA6.Mode=Full_Duplex_Master
RCC.USART1Freq_Value=72000000
RCC.SAI1Freq_Value=4571428.571428572
USART2.IPParameters=VirtualMode-Asynchronous
RCC.CortexFreq_Value=72000000
ProjectManager.KeepUserCode=true
Mcu.UserName=STM32L476RGTx
SPI1.VirtualType=VM_MASTER
PH0-OSC_IN\ (PH0).Signal=RCC_OSC_IN
PH0-OSC_IN\ (PH0).Locked=true
RCC.PLLSAI1RoutputFreq_Value=16000000
PA3.GPIO_PuPd=GPIO_NOPULL
PA0.GPIO_Label=RADIO_nRESET
ProjectManager.functionlistsort=1-MX_GPIO_Init-GPIO-false-HAL-true,2-MX_DMA_Init-DMA-false-HAL-true,3-SystemClock_Config-RCC-false-HAL-false,4-MX_LPTIM1_Init-LPTIM1-false-HAL-true,5-MX_SPI1_Init-SPI1-false-HAL-true,6-MX_USART2_UART_Init-USART2-false-HAL-true
PC0.GPIOParameters=GPIO_Label
PA2.GPIO_Speed=GPIO_SPEED_FREQ_VERY_HIGH
PA13\ (JTMS-SWDIO).Locked=true
Dma.SPI1_TX.1.PeriphInc=DMA_PINC_DISABLE
PC0.GPIO_Label=LED_RX
PA3.GPIOParameters=GPIO_Speed,GPIO_PuPd,GPIO_Label,GPIO_Mode
PA6.GPIO_Label=RADIO_MISO
RCC.USART2Freq_Value=72000000
PC15-OSC32_OUT\ (PC15).Mode=LSE-External-Oscillator
PC13.GPIO_Label=B1 [Blue PushButton]
PC1.Locked=true
PA3.GPIO_Speed=GPIO_SPEED_FREQ_VERY_HIGH
PA2.GPIOParameters=GPIO_Speed,GPIO_PuPd,GPIO_Label,GPIO_Mode
PinOutPanel.RotationAngle=0
RCC.MCO1PinFreq_Value=72000000
RCC.SYSCLKSource=RCC_SYSCLKSOURCE_PLLCLK
ProjectManager.StackSize=0x400
PB3\ (JTDO-TRACESWO).Signal=GPIO_Input
PC14-OSC32_IN\ (PC14).Mode=LSE-External-Oscillator
SH.GPXTI13.0=GPIO_EXTI13
NVIC.DMA1_Channel3_IRQn=true\:0\:0\:false\:false\:true\:false\:true
PA14\ (JTCK-SWCLK).Signal=SYS_JTCK-SWCLK
RCC.I2C3Freq_Value=72000000
RCC.LPTIM1Freq_Value=32768
Mcu.IP4=SPI1
RCC.FCLKCortexFreq_Value=72000000
Mcu.IP5=SYS
Mcu.IP2=NVIC
NVIC.SVCall_IRQn=true\:0\:0\:false\:false\:true\:false\:false
Mcu.IP3=RCC
Mcu.IP0=DMA
Mcu.IP1=LPTIM1
Mcu.UserConstants=
Dma.SPI1_RX.0.Direction=DMA_PERIPH_TO_MEMORY
RCC.VCOSAI1OutputFreq_Value=32000000
PC1.GPIOParameters=GPIO_Label
RCC.SDMMCFreq_Value=16000000
SH.GPXTI13.ConfNb=1
PA14\ (JTCK-SWCLK).GPIOParameters=GPIO_Label
Mcu.ThirdPartyNb=0
SPI1.Direction=SPI_DIRECTION_2LINES
RCC.HCLKFreq_Value=72000000
Mcu.IPNb=7
ProjectManager.PreviousToolchain=
RCC.APB2TimFreq_Value=72000000
SPI1.CalculateBaudRate=18.0 MBits/s
PA8.GPIOParameters=GPIO_Label
Mcu.Pin6=PC1
RCC.SAI2Freq_Value=4571428.571428572
Mcu.Pin7=PA0
Mcu.Pin8=PA2
Mcu.Pin9=PA3
RCC.AHBFreq_Value=72000000
RCC.PREFETCH_ENABLE=1
Mcu.Pin0=PC13
Mcu.Pin1=PC14-OSC32_IN (PC14)
GPIO.groupedBy=Group By Peripherals
Mcu.Pin2=PC15-OSC32_OUT (PC15)
Mcu.Pin3=PH0-OSC_IN (PH0)
RCC.USART3Freq_Value=72000000
Mcu.Pin4=PH1-OSC_OUT (PH1)
Dma.SPI1_TX.1.PeriphDataAlignment=DMA_PDATAALIGN_BYTE
Mcu.Pin5=PC0
ProjectManager.ProjectBuild=false
RCC.HSE_VALUE=8000000
NVIC.UsageFault_IRQn=true\:0\:0\:false\:false\:true\:true\:false
PA0.Locked=true
NVIC.DebugMonitor_IRQn=true\:0\:0\:false\:false\:true\:true\:false
PA8.Locked=true
USART2.VirtualMode-Asynchronous=VM_ASYNC
NVIC.SysTick_IRQn=true\:0\:0\:false\:false\:true\:true\:true
Dma.SPI1_RX.0.PeriphInc=DMA_PINC_DISABLE
ProjectManager.FirmwarePackage=STM32Cube FW_L4 V1.16.0
MxDb.Version=DB.6.0.10
ProjectManager.BackupPrevious=false
RCC.VCOInputFreq_Value=4000000
Dma.SPI1_TX.1.Mode=DMA_NORMAL
SPI1.DataSize=SPI_DATASIZE_8BIT
File.Version=6
PC13.GPIO_PuPd=GPIO_NOPULL
PA8.Signal=GPIO_Output
RCC.PLLRCLKFreq_Value=72000000
NVIC.PendSV_IRQn=true\:0\:0\:false\:false\:true\:false\:false
Dma.RequestsNb=2
ProjectManager.HalAssertFull=false
ProjectManager.ProjectName=stm32-l476rg-nucleo-sx1280
PA0.Signal=GPIO_Output
PB4\ (NJTRST).Locked=true
Dma.SPI1_TX.1.RequestParameters=Instance,Direction,PeriphInc,MemInc,PeriphDataAlignment,MemDataAlignment,Mode,Priority
Mcu.Package=LQFP64
PA6.Signal=SPI1_MISO
PA5.Locked=true
PA7.Locked=true
ProjectManager.ToolChainLocation=
PA2.GPIO_Label=USART_TX
RCC.LSI_VALUE=32000
VP_LPTIM1_VS_LPTIM_counterModeInternalClock.Mode=Counts__internal_clock_event_00
VP_SYS_VS_Systick.Signal=SYS_VS_Systick
RCC.LSCOPinFreq_Value=32000
RCC.DFSDMFreq_Value=72000000
PA5.GPIOParameters=GPIO_Label
PC14-OSC32_IN\ (PC14).Locked=true
RCC.PLLPoutputFreq_Value=20571428.57142857
Dma.Request1=SPI1_TX
RCC.APB1TimFreq_Value=72000000
NVIC.BusFault_IRQn=true\:0\:0\:false\:false\:true\:true\:false
RCC.LPUART1Freq_Value=72000000
PA13\ (JTMS-SWDIO).Signal=SYS_JTMS-SWDIO
Dma.SPI1_RX.0.RequestParameters=Instance,Direction,PeriphInc,MemInc,PeriphDataAlignment,MemDataAlignment,Mode,Priority
Dma.Request0=SPI1_RX
SPI1.BaudRatePrescaler=SPI_BAUDRATEPRESCALER_4
PA13\ (JTMS-SWDIO).GPIOParameters=GPIO_Label
ProjectManager.CustomerFirmwarePackage=
Dma.SPI1_TX.1.Instance=DMA1_Channel3
PB3\ (JTDO-TRACESWO).Locked=true
PA3.Signal=USART2_RX
PA5.Mode=Full_Duplex_Master
PA2.GPIO_Mode=GPIO_MODE_AF_PP
PA2.Locked=true
PA6.GPIOParameters=GPIO_Label
RCC.MSI_VALUE=4000000
PA14\ (JTCK-SWCLK).Mode=Serial_Wire
NVIC.EXTI4_IRQn=true\:0\:0\:false\:false\:true\:true\:true
Dma.SPI1_TX.1.MemInc=DMA_MINC_ENABLE
RCC.PLLQoutputFreq_Value=72000000
ProjectManager.ProjectFileName=stm32-l476rg-nucleo-sx1280.ioc
PA7.Mode=Full_Duplex_Master
Mcu.PinsNb=20
ProjectManager.NoMain=false
SPI1.IPParameters=VirtualType,Mode,Direction,CalculateBaudRate,BaudRatePrescaler,DataSize
PC13.Locked=true
PC13.Signal=GPXTI13
RCC.SWPMI1Freq_Value=72000000
ProjectManager.DefaultFWLocation=true
PC15-OSC32_OUT\ (PC15).Signal=RCC_OSC32_OUT
PA14\ (JTCK-SWCLK).GPIO_Label=TCK
PB3\ (JTDO-TRACESWO).GPIO_Label=RADIO_BUSY
ProjectManager.DeletePrevious=true
Dma.SPI1_RX.0.Mode=DMA_NORMAL
PC0.Signal=GPIO_Output
RCC.VCOSAI2OutputFreq_Value=32000000
Dma.SPI1_TX.1.Direction=DMA_MEMORY_TO_PERIPH
boardIOC=true
RCC.FamilyName=M
PH1-OSC_OUT\ (PH1).Signal=RCC_OSC_OUT
PA3.Mode=Asynchronous
Dma.SPI1_TX.1.MemDataAlignment=DMA_MDATAALIGN_BYTE
PB4\ (NJTRST).GPIOParameters=GPIO_Label
PA8.GPIO_Label=RADIO_NSS
NVIC.DMA1_Channel2_IRQn=true\:0\:0\:false\:false\:true\:false\:true
ProjectManager.TargetToolchain=Makefile
PA3.GPIO_Mode=GPIO_MODE_AF_PP
RCC.LPTIM1CLockSelection=RCC_LPTIM1CLKSOURCE_LSE
ProjectManager.RegisterCallBack=
PC15-OSC32_OUT\ (PC15).Locked=true
RCC.USBFreq_Value=16000000
RCC.PLLSAI1PoutputFreq_Value=4571428.571428572
RCC.PLLSAI2RoutputFreq_Value=16000000
PA5.Signal=SPI1_SCK
PH1-OSC_OUT\ (PH1).Locked=true
board=NUCLEO-L476RG
RCC.VCOOutputFreq_Value=144000000
ProjectManager.LastFirmware=true
NVIC.LPTIM1_IRQn=true\:0\:0\:false\:false\:true\:true\:true
RCC.APB2Freq_Value=72000000
RCC.UART4Freq_Value=72000000
MxCube.Version=6.1.0
PB3\ (JTDO-TRACESWO).GPIOParameters=GPIO_Label
PA13\ (JTMS-SWDIO).GPIO_Label=TMS
RCC.I2C1Freq_Value=72000000
SPI1.Mode=SPI_MODE_MASTER
PC13.GPIOParameters=GPIO_PuPd,GPIO_Label,GPIO_ModeDefaultEXTI
Dma.SPI1_RX.0.Instance=DMA1_Channel2
RCC.RNGFreq_Value=16000000
RCC.PLLSAI1QoutputFreq_Value=16000000
RCC.ADCFreq_Value=16000000
PC1.GPIO_Label=LED_TX
VP_SYS_VS_Systick.Mode=SysTick
Dma.SPI1_RX.0.PeriphDataAlignment=DMA_PDATAALIGN_BYTE
Dma.SPI1_RX.0.MemDataAlignment=DMA_MDATAALIGN_BYTE
NVIC.NonMaskableInt_IRQn=true\:0\:0\:false\:false\:true\:true\:false
RCC.UART5Freq_Value=72000000
ProjectManager.FreePins=false
RCC.IPParameters=ADCFreq_Value,AHBFreq_Value,APB1Freq_Value,APB1TimFreq_Value,APB2Freq_Value,APB2TimFreq_Value,CortexFreq_Value,DFSDMFreq_Value,FCLKCortexFreq_Value,FamilyName,HCLKFreq_Value,HSE_VALUE,HSI_VALUE,I2C1Freq_Value,I2C2Freq_Value,I2C3Freq_Value,LPTIM1CLockSelection,LPTIM1Freq_Value,LPTIM2Freq_Value,LPUART1Freq_Value,LSCOPinFreq_Value,LSI_VALUE,MCO1PinFreq_Value,MSI_VALUE,PLLN,PLLPoutputFreq_Value,PLLQoutputFreq_Value,PLLRCLKFreq_Value,PLLSAI1PoutputFreq_Value,PLLSAI1QoutputFreq_Value,PLLSAI1RoutputFreq_Value,PLLSAI2PoutputFreq_Value,PLLSAI2RoutputFreq_Value,PREFETCH_ENABLE,PWRFreq_Value,RNGFreq_Value,SAI1Freq_Value,SAI2Freq_Value,SDMMCFreq_Value,SWPMI1Freq_Value,SYSCLKFreq_VALUE,SYSCLKSource,UART4Freq_Value,UART5Freq_Value,USART1Freq_Value,USART2Freq_Value,USART3Freq_Value,USBFreq_Value,VCOInputFreq_Value,VCOOutputFreq_Value,VCOSAI1OutputFreq_Value,VCOSAI2OutputFreq_Value
ProjectManager.AskForMigrate=true
Mcu.Name=STM32L476R(C-E-G)Tx
RCC.LPTIM2Freq_Value=72000000
Dma.SPI1_RX.0.MemInc=DMA_MINC_ENABLE
PA2.Signal=USART2_TX
ProjectManager.UnderRoot=false
Mcu.IP6=USART2
ProjectManager.CoupleFile=false
PA13\ (JTMS-SWDIO).Mode=Serial_Wire
RCC.SYSCLKFreq_VALUE=72000000
PA7.GPIO_Label=RADIO_MOSI
PA3.Locked=true
SH.GPXTI4.0=GPIO_EXTI4
PA5.GPIO_Label=RADIO_SCK
PA14\ (JTCK-SWCLK).Locked=true
NVIC.ForceEnableDMAVector=true
RCC.PLLSAI2PoutputFreq_Value=4571428.571428572
KeepUserPlacement=false
PC13.GPIO_ModeDefaultEXTI=GPIO_MODE_IT_FALLING
PC14-OSC32_IN\ (PC14).Signal=RCC_OSC32_IN
NVIC.MemoryManagement_IRQn=true\:0\:0\:false\:false\:true\:true\:false
ProjectManager.CompilerOptimize=6
ProjectManager.HeapSize=0x200
PA0.GPIOParameters=GPIO_Label
Mcu.Pin15=PA14 (JTCK-SWCLK)
NVIC.HardFault_IRQn=true\:0\:0\:false\:false\:true\:true\:false
Mcu.Pin16=PB3 (JTDO-TRACESWO)
Mcu.Pin13=PA8
SH.GPXTI4.ConfNb=1
Mcu.Pin14=PA13 (JTMS-SWDIO)
Mcu.Pin19=VP_SYS_VS_Systick
Dma.SPI1_RX.0.Priority=DMA_PRIORITY_HIGH
ProjectManager.ComputerToolchain=false
Mcu.Pin17=PB4 (NJTRST)
RCC.HSI_VALUE=16000000
Mcu.Pin18=VP_LPTIM1_VS_LPTIM_counterModeInternalClock
NVIC.PriorityGroup=NVIC_PRIORITYGROUP_4
Mcu.Pin11=PA6
Mcu.Pin12=PA7
RCC.PLLN=36
Mcu.Pin10=PA5
PA2.Mode=Asynchronous
VP_LPTIM1_VS_LPTIM_counterModeInternalClock.Signal=LPTIM1_VS_LPTIM_counterModeInternalClock
RCC.PWRFreq_Value=72000000
PB4\ (NJTRST).GPIO_Label=RADIO_DIO1
RCC.I2C2Freq_Value=72000000
RCC.APB1Freq_Value=72000000
PA7.GPIOParameters=GPIO_Label
PC0.Locked=true
ProjectManager.DeviceId=STM32L476RGTx
PC1.Signal=GPIO_Output
ProjectManager.LibraryCopy=1
PA3.GPIO_Label=USART_RX
PA7.Signal=SPI1_MOSI
PB4\ (NJTRST).Signal=GPXTI4
PA6.Locked=true
