#MicroXplorer Configuration settings - do not modify
Mcu.Family=STM32F4
PA11.GPIO_Speed=GPIO_SPEED_FREQ_LOW
SH.GPXTI1.0=GPIO_EXTI1
ProjectManager.MainLocation=Core/Src
PC3.GPIO_Mode=GPIO_MODE_AF_PP
PH0-OSC_IN.Locked=true
PD12.GPIO_Label=LD4 [Green Led]
PC7.GPIOParameters=GPIO_Speed,GPIO_PuPd,GPIO_Label,GPIO_Mode
PH0-OSC_IN.Signal=RCC_OSC_IN
RCC.CortexFreq_Value=72000000
PC10.GPIO_PuPd=GPIO_NOPULL
ProjectManager.KeepUserCode=true
PB10.GPIO_Speed=GPIO_SPEED_FREQ_LOW
Mcu.UserName=STM32F407VGTx
PB6.GPIO_Mode=GPIO_MODE_AF_OD
PB10.GPIO_PuPd=GPIO_NOPULL
PC12.Locked=true
PA10.GPIO_PuPd=GPIO_NOPULL
PC10.Locked=true
PD15.GPIO_Speed=GPIO_SPEED_FREQ_LOW
RCC.PLLCLKFreq_Value=72000000
PC10.Signal=I2S3_CK
PC12.Signal=I2S3_SD
PA14.GPIO_Label=SWCLK
RCC.PLLQCLKFreq_Value=48000000
PC7.Locked=true
PA7.GPIO_Mode=GPIO_MODE_AF_PP
PA12.GPIOParameters=GPIO_Speed,GPIO_PuPd,GPIO_Label,GPIO_Mode
ProjectManager.functionlistsort=1-MX_GPIO_Init-GPIO-false-HAL-true,2-SystemClock_Config-RCC-false-HAL-false,3-MX_USB_HOST_Init-USB_HOST-false-HAL-false
PC0.GPIOParameters=GPIO_Speed,PinState,GPIO_PuPd,GPIO_Label
PA9.GPIOParameters=GPIO_PuPd,GPIO_Label,GPIO_Mode
PA11.GPIOParameters=GPIO_Speed,GPIO_PuPd,GPIO_Label,GPIO_Mode
USB_HOST0.BSP.condition=
PC0.GPIO_Label=OTG_FS_PowerSwitchOn
PC3.Locked=true
PA11.Mode=Host_Only
RCC.RTCFreq_Value=32000
PH0-OSC_IN.GPIOParameters=GPIO_Label
PA6.GPIO_Label=SPI1_MISO [LIS302DL_SDO]
PB6.GPIO_Label=Audio_SCL [CS43L22_SCL]
PC10.GPIO_Speed=GPIO_SPEED_FREQ_LOW
PD4.Locked=true
PA11.GPIO_PuPd=GPIO_NOPULL
VP_USB_HOST_VS_USB_HOST_HID_FS.Mode=HID_FS
PC15-OSC32_OUT.GPIO_Label=PC15-OSC32_OUT
PinOutPanel.RotationAngle=0
PC3.GPIO_Speed=GPIO_SPEED_FREQ_LOW
RCC.SYSCLKSource=RCC_SYSCLKSOURCE_PLLCLK
ProjectManager.StackSize=0x400
PA6.GPIO_Mode=GPIO_MODE_AF_PP
PD13.Signal=GPIO_Output
Mcu.IP4=USB_OTG_FS
RCC.FCLKCortexFreq_Value=72000000
PD13.Locked=true
NVIC.SVCall_IRQn=true\:0\:0\:false\:false\:true\:true\:false
Mcu.IP2=SYS
Mcu.IP3=USB_HOST
PD14.GPIO_Speed=GPIO_SPEED_FREQ_LOW
Mcu.IP0=NVIC
PA12.Locked=true
Mcu.IP1=RCC
PA12.Signal=USB_OTG_FS_DP
Mcu.UserConstants=
PD15.GPIOParameters=GPIO_Speed,GPIO_PuPd,GPIO_Label
Mcu.ThirdPartyNb=0
RCC.HCLKFreq_Value=72000000
Mcu.IPNb=5
RCC.I2SClocksFreq_Value=192000000
ProjectManager.PreviousToolchain=
PD4.Signal=GPIO_Output
RCC.APB2TimFreq_Value=72000000
PB6.Signal=I2C1_SCL
RCC.VcooutputI2S=192000000
PC7.Signal=I2S3_MCK
USB_HOST0.BSP.component=
PC3.Signal=I2S2_SD
Mcu.Pin6=PC3
Mcu.Pin7=PA0-WKUP
Mcu.Pin8=PA4
Mcu.Pin9=PA5
PE1.Signal=GPXTI1
USB_HOST0.BSP.ip=GPIO
RCC.AHBFreq_Value=72000000
PH0-OSC_IN.Mode=HSE-External-Oscillator
PH0-OSC_IN.GPIO_Label=PH0-OSC_IN
Mcu.Pin0=PE3
Mcu.Pin1=PC14-OSC32_IN
Mcu.Pin2=PC15-OSC32_OUT
PA9.GPIO_Mode=GPIO_MODE_INPUT
Mcu.Pin3=PH0-OSC_IN
Mcu.Pin4=PH1-OSC_OUT
PA0-WKUP.GPIOParameters=GPIO_Label
Mcu.Pin5=PC0
ProjectManager.ProjectBuild=false
RCC.HSE_VALUE=8000000
NVIC.UsageFault_IRQn=true\:0\:0\:false\:false\:true\:true\:false
NVIC.DebugMonitor_IRQn=true\:0\:0\:false\:false\:true\:true\:false
USB_OTG_FS.phy_itface=HCD_PHY_EMBEDDED
PA4.GPIO_PuPd=GPIO_NOPULL
PB2.Signal=GPIO_Input
PA4.Locked=true
NVIC.SysTick_IRQn=true\:0\:0\:false\:false\:true\:true\:true
PA4.GPIO_Speed=GPIO_SPEED_FREQ_LOW
ProjectManager.FirmwarePackage=STM32Cube FW_F4 V1.25.2
MxDb.Version=DB.6.0.10
PA6.GPIO_PuPd=GPIO_NOPULL
ProjectManager.BackupPrevious=false
RCC.VCOInputFreq_Value=2000000
PA5.GPIO_PuPd=GPIO_NOPULL
USB_HOST.USBH_HandleTypeDef-HID_FS=hUsbHostFS
File.Version=6
PA10.GPIO_Label=OTG_FS_ID
PC7.GPIO_Mode=GPIO_MODE_AF_PP
PE3.GPIOParameters=GPIO_Speed,GPIO_PuPd,GPIO_Label
PH1-OSC_OUT.Locked=true
PD5.GPIO_Mode=GPIO_MODE_INPUT
PB3.GPIOParameters=GPIO_Label
PE3.Locked=true
PD14.GPIO_PuPd=GPIO_NOPULL
PE1.Locked=true
PB6.Locked=true
NVIC.PendSV_IRQn=true\:0\:0\:false\:false\:true\:true\:false
USB_HOST0.BSP.i2creg=
PB6.GPIOParameters=GPIO_Speed,GPIO_PuPd,GPIO_Label,GPIO_Mode
ProjectManager.HalAssertFull=false
PB2.GPIO_PuPd=GPIO_NOPULL
PC14-OSC32_IN.GPIOParameters=GPIO_Label
ProjectManager.ProjectName=stm32-f4discovery-usb-blog
PA13.GPIOParameters=GPIO_Label
PH1-OSC_OUT.Mode=HSE-External-Oscillator
RCC.MCO2PinFreq_Value=72000000
USB_HOST0.BSP.i2caddr=0
PD13.GPIO_Label=LD3 [Orange Led]
Mcu.Package=LQFP100
PB9.Signal=I2C1_SDA
PA6.Signal=SPI1_MISO
PA7.Locked=true
PA5.Locked=true
PD12.Signal=GPIO_Output
PA14.Locked=true
PD5.GPIO_Label=OTG_FS_OverCurrent
PD5.GPIOParameters=GPIO_PuPd,GPIO_Label,GPIO_Mode
NVIC.OTG_FS_IRQn=true\:0\:0\:false\:false\:true\:true\:true
ProjectManager.ToolChainLocation=
PD15.GPIO_PuPd=GPIO_NOPULL
PD14.Locked=true
RCC.LSI_VALUE=32000
SH.GPXTI0.0=GPIO_EXTI0
VP_SYS_VS_Systick.Signal=SYS_VS_Systick
PA10.Signal=USB_OTG_FS_ID
PB9.GPIO_PuPd=GPIO_NOPULL
USB_OTG_FS.VirtualMode=Host_Only
PA5.GPIOParameters=GPIO_Speed,GPIO_PuPd,GPIO_Label,GPIO_Mode
PA10.GPIO_Speed=GPIO_SPEED_FREQ_LOW
USB_HOST0.BSP.name=Drive_VBUS_FS
PB9.GPIO_Speed=GPIO_SPEED_FREQ_LOW
RCC.APB1TimFreq_Value=72000000
NVIC.BusFault_IRQn=true\:0\:0\:false\:false\:true\:true\:false
PC14-OSC32_IN.GPIO_Label=PC14-OSC32_IN
USB_OTG_FS.IPParameters=VirtualMode,phy_itface
PB10.GPIOParameters=GPIO_Speed,GPIO_PuPd,GPIO_Label,GPIO_Mode
PC12.GPIO_PuPd=GPIO_NOPULL
PC15-OSC32_OUT.GPIOParameters=GPIO_Label
PA6.GPIO_Speed=GPIO_SPEED_FREQ_LOW
PC0.GPIO_PuPd=GPIO_NOPULL
PA12.GPIO_PuPd=GPIO_NOPULL
PD5.Locked=true
PA4.GPIO_Label=I2S3_WS [CS43L22_LRCK]
PD15.Signal=GPIO_Output
ProjectManager.CustomerFirmwarePackage=
PC0.PinState=GPIO_PIN_SET
PC14-OSC32_IN.Locked=true
PA12.GPIO_Speed=GPIO_SPEED_FREQ_LOW
PB3.Locked=true
PB3.GPIO_Label=SWO
PA6.GPIOParameters=GPIO_Speed,GPIO_PuPd,GPIO_Label,GPIO_Mode
USB_HOST.IPParameters=USBH_HandleTypeDef-HID_FS,VirtualModeFS
ProjectManager.ProjectFileName=stm32-f4discovery-usb-blog.ioc
PD12.GPIO_Speed=GPIO_SPEED_FREQ_LOW
PD15.GPIO_Label=LD6 [Blue Led]
PB9.GPIO_Label=Audio_SDA [CS43L22_SDA]
PC10.GPIO_Label=I2S3_SCK [CS43L22_SCLK]
Mcu.PinsNb=35
ProjectManager.NoMain=false
PA9.GPIO_Label=VBUS_FS
PB6.GPIO_PuPd=GPIO_NOPULL
USB_HOST0.BSP.solution=PC0
USB_HOST.BSP.number=1
PD13.GPIOParameters=GPIO_Speed,GPIO_PuPd,GPIO_Label
SH.GPXTI0.ConfNb=1
PA11.GPIO_Label=OTG_FS_DM
ProjectManager.DefaultFWLocation=true
PE1.GPIO_PuPd=GPIO_NOPULL
PD5.Signal=GPIO_Input
VP_USB_HOST_VS_USB_HOST_HID_FS.Signal=USB_HOST_VS_USB_HOST_HID_FS
ProjectManager.DeletePrevious=true
PC0.Signal=GPIO_Output
PE1.GPIO_ModeDefaultEXTI=GPIO_MODE_EVT_RISING
RCC.APB1CLKDivider=RCC_HCLK_DIV2
PC14-OSC32_IN.Signal=RCC_OSC32_IN
PB10.Locked=true
boardIOC=true
PA9.GPIO_PuPd=GPIO_NOPULL
PA12.GPIO_Label=OTG_FS_DP
RCC.FamilyName=M
PA0-WKUP.GPIO_Label=B1 [Blue PushButton]
PA0-WKUP.Signal=GPXTI0
PA0-WKUP.Locked=true
PA10.GPIO_Mode=GPIO_MODE_AF_PP
PB9.GPIOParameters=GPIO_Speed,GPIO_PuPd,GPIO_Label,GPIO_Mode
USB_HOST0.BSP.semaphore=
PD12.Locked=true
PC3.GPIOParameters=GPIO_Speed,GPIO_PuPd,GPIO_Label,GPIO_Mode
USB_HOST0.BSP.STBoard=false
PC12.GPIOParameters=GPIO_Speed,GPIO_PuPd,GPIO_Label,GPIO_Mode
PA13.Signal=SYS_JTMS-SWDIO
PC10.GPIO_Mode=GPIO_MODE_AF_PP
PD4.GPIO_PuPd=GPIO_NOPULL
PA11.Locked=true
PA9.Mode=Activate_VBUS
PC0.GPIO_Speed=GPIO_SPEED_FREQ_LOW
PB10.GPIO_Mode=GPIO_MODE_AF_PP
PC15-OSC32_OUT.Locked=true
PD12.GPIOParameters=GPIO_Speed,GPIO_PuPd,GPIO_Label
ProjectManager.TargetToolchain=Makefile
PB10.GPIO_Label=CLK_IN [MP45DT02_CLK]
PB2.GPIOParameters=GPIO_PuPd,GPIO_Label,GPIO_Mode
PA9.Signal=USB_OTG_FS_VBUS
PB9.Locked=true
ProjectManager.RegisterCallBack=
PC7.GPIO_PuPd=GPIO_NOPULL
RCC.LSE_VALUE=32768
PC15-OSC32_OUT.Signal=RCC_OSC32_OUT
PA7.GPIO_PuPd=GPIO_NOPULL
PB10.Signal=I2S2_CK
RCC.VCOI2SOutputFreq_Value=384000000
PA5.Signal=SPI1_SCK
board=STM32F407G-DISC1
PD13.GPIO_Speed=GPIO_SPEED_FREQ_LOW
PC7.GPIO_Speed=GPIO_SPEED_FREQ_LOW
RCC.VCOOutputFreq_Value=144000000
PE1.GPIO_Label=MEMS_INT2 [LIS302DL_INT2]
ProjectManager.LastFirmware=true
USB_HOST.VirtualModeFS=Hid
PA7.GPIO_Speed=GPIO_SPEED_FREQ_LOW
PB9.GPIO_Mode=GPIO_MODE_AF_OD
PA12.GPIO_Mode=GPIO_MODE_AF_PP
PA4.GPIO_Mode=GPIO_MODE_AF_PP
RCC.APB2Freq_Value=72000000
USB_HOST0.BSP.api=Unknown
PB2.GPIO_Mode=GPIO_MODE_INPUT
MxCube.Version=6.1.0
PD4.GPIO_Label=Audio_RST [CS43L22_RESET]
PD4.GPIO_Speed=GPIO_SPEED_FREQ_LOW
Mcu.Pin30=PB6
PA10.GPIOParameters=GPIO_Speed,GPIO_PuPd,GPIO_Label,GPIO_Mode
PD4.GPIOParameters=GPIO_Speed,GPIO_PuPd,GPIO_Label
VP_SYS_VS_Systick.Mode=SysTick
RCC.EthernetFreq_Value=72000000
Mcu.Pin33=VP_SYS_VS_Systick
PE3.GPIO_PuPd=GPIO_NOPULL
PH1-OSC_OUT.Signal=RCC_OSC_OUT
Mcu.Pin34=VP_USB_HOST_VS_USB_HOST_HID_FS
Mcu.Pin31=PB9
PD13.GPIO_PuPd=GPIO_NOPULL
Mcu.Pin32=PE1
PA9.Locked=true
PD5.GPIO_PuPd=GPIO_NOPULL
NVIC.NonMaskableInt_IRQn=true\:0\:0\:false\:false\:true\:true\:false
PD14.GPIO_Label=LD5 [Red Led]
PA4.GPIOParameters=GPIO_Speed,GPIO_PuPd,GPIO_Label,GPIO_Mode
PC10.GPIOParameters=GPIO_Speed,GPIO_PuPd,GPIO_Label,GPIO_Mode
PH1-OSC_OUT.GPIO_Label=PH1-OSC_OUT
ProjectManager.FreePins=false
RCC.IPParameters=48MHZClocksFreq_Value,AHBFreq_Value,APB1CLKDivider,APB1Freq_Value,APB1TimFreq_Value,APB2Freq_Value,APB2TimFreq_Value,CortexFreq_Value,EthernetFreq_Value,FCLKCortexFreq_Value,FamilyName,HCLKFreq_Value,HSE_VALUE,HSI_VALUE,I2SClocksFreq_Value,LSE_VALUE,LSI_VALUE,MCO2PinFreq_Value,PLLCLKFreq_Value,PLLM,PLLN,PLLQ,PLLQCLKFreq_Value,RTCFreq_Value,RTCHSEDivFreq_Value,SYSCLKFreq_VALUE,SYSCLKSource,VCOI2SOutputFreq_Value,VCOInputFreq_Value,VCOOutputFreq_Value,VcooutputI2S
ProjectManager.AskForMigrate=true
Mcu.Name=STM32F407V(E-G)Tx
Mcu.Pin26=PC12
Mcu.Pin27=PD4
RCC.RTCHSEDivFreq_Value=4000000
PA13.GPIO_Label=SWDIO
Mcu.Pin24=PA14
ProjectManager.UnderRoot=false
Mcu.Pin25=PC10
PB2.Locked=true
PC7.GPIO_Label=I2S3_MCK [CS43L22_MCLK]
PD14.Signal=GPIO_Output
Mcu.Pin28=PD5
Mcu.Pin29=PB3
ProjectManager.CoupleFile=false
RCC.48MHZClocksFreq_Value=48000000
PB3.Signal=SYS_JTDO-SWO
PA4.Signal=I2S3_WS
PD14.GPIOParameters=GPIO_Speed,GPIO_PuPd,GPIO_Label
RCC.SYSCLKFreq_VALUE=72000000
Mcu.Pin22=PA12
PC12.GPIO_Mode=GPIO_MODE_AF_PP
Mcu.Pin23=PA13
PA7.GPIO_Label=SPI1_MOSI [LIS302DL_SDA/SDI/SDO]
Mcu.Pin20=PA10
Mcu.Pin21=PA11
PA12.Mode=Host_Only
PA5.GPIO_Label=SPI1_SCK [LIS302DL_SCL/SPC]
PA10.Locked=true
NVIC.ForceEnableDMAVector=true
KeepUserPlacement=false
PE3.GPIO_Speed=GPIO_SPEED_FREQ_LOW
PA14.GPIOParameters=GPIO_Label
NVIC.MemoryManagement_IRQn=true\:0\:0\:false\:false\:true\:true\:false
PA13.Locked=true
PH1-OSC_OUT.GPIOParameters=GPIO_Label
PC12.GPIO_Label=I2S3_SD [CS43L22_SDIN]
ProjectManager.CompilerOptimize=6
PD15.Locked=true
PA11.Signal=USB_OTG_FS_DM
PA14.Signal=SYS_JTCK-SWCLK
PB2.GPIO_Label=BOOT1
ProjectManager.HeapSize=0x200
Mcu.Pin15=PD13
NVIC.HardFault_IRQn=true\:0\:0\:false\:false\:true\:true\:false
Mcu.Pin16=PD14
Mcu.Pin13=PB10
Mcu.Pin14=PD12
Mcu.Pin19=PA9
ProjectManager.ComputerToolchain=false
Mcu.Pin17=PD15
RCC.HSI_VALUE=16000000
Mcu.Pin18=PC7
PA5.GPIO_Speed=GPIO_SPEED_FREQ_LOW
RCC.PLLQ=3
NVIC.PriorityGroup=NVIC_PRIORITYGROUP_0
Mcu.Pin11=PA7
Mcu.Pin12=PB2
RCC.PLLM=4
RCC.PLLN=72
Mcu.Pin10=PA6
PE3.Signal=GPIO_Output
PE3.GPIO_Label=CS_I2C/SPI [LIS302DL_CS_I2C/SPI]
PC3.GPIO_Label=PDM_OUT [MP45DT02_DOUT]
PA11.GPIO_Mode=GPIO_MODE_AF_PP
PB6.GPIO_Speed=GPIO_SPEED_FREQ_LOW
SH.GPXTI1.ConfNb=1
RCC.APB1Freq_Value=36000000
PA5.GPIO_Mode=GPIO_MODE_AF_PP
PC12.GPIO_Speed=GPIO_SPEED_FREQ_LOW
USB_HOST0.BSP.mode=Output
PA7.GPIOParameters=GPIO_Speed,GPIO_PuPd,GPIO_Label,GPIO_Mode
PC0.Locked=true
ProjectManager.DeviceId=STM32F407VGTx
ProjectManager.LibraryCopy=0
PC3.GPIO_PuPd=GPIO_NOPULL
PD12.GPIO_PuPd=GPIO_NOPULL
PE1.GPIOParameters=GPIO_PuPd,GPIO_Label,GPIO_ModeDefaultEXTI
PA7.Signal=SPI1_MOSI
USB_HOST0.BSP.instance=PC0
PA6.Locked=true
