#MicroXplorer Configuration settings - do not modify
CAD.formats=
CAD.pinconfig=
CAD.provider=
Dma.Request0=USART3_RX
Dma.Request1=USART3_TX
Dma.Request2=SPI3_TX
Dma.Request3=SPI2_RX
Dma.RequestsNb=4
Dma.SPI2_RX.3.Direction=DMA_PERIPH_TO_MEMORY
Dma.SPI2_RX.3.FIFOMode=DMA_FIFOMODE_DISABLE
Dma.SPI2_RX.3.Instance=DMA1_Stream3
Dma.SPI2_RX.3.MemDataAlignment=DMA_MDATAALIGN_HALFWORD
Dma.SPI2_RX.3.MemInc=DMA_MINC_ENABLE
Dma.SPI2_RX.3.Mode=DMA_CIRCULAR
Dma.SPI2_RX.3.PeriphDataAlignment=DMA_PDATAALIGN_HALFWORD
Dma.SPI2_RX.3.PeriphInc=DMA_PINC_DISABLE
Dma.SPI2_RX.3.Priority=DMA_PRIORITY_HIGH
Dma.SPI2_RX.3.RequestParameters=Instance,Direction,PeriphInc,MemInc,PeriphDataAlignment,MemDataAlignment,Mode,Priority,FIFOMode
Dma.SPI3_TX.2.Direction=DMA_MEMORY_TO_PERIPH
Dma.SPI3_TX.2.FIFOMode=DMA_FIFOMODE_ENABLE
Dma.SPI3_TX.2.FIFOThreshold=DMA_FIFO_THRESHOLD_FULL
Dma.SPI3_TX.2.Instance=DMA1_Stream7
Dma.SPI3_TX.2.MemBurst=DMA_MBURST_SINGLE
Dma.SPI3_TX.2.MemDataAlignment=DMA_MDATAALIGN_HALFWORD
Dma.SPI3_TX.2.MemInc=DMA_MINC_ENABLE
Dma.SPI3_TX.2.Mode=DMA_CIRCULAR
Dma.SPI3_TX.2.PeriphBurst=DMA_PBURST_SINGLE
Dma.SPI3_TX.2.PeriphDataAlignment=DMA_PDATAALIGN_HALFWORD
Dma.SPI3_TX.2.PeriphInc=DMA_PINC_DISABLE
Dma.SPI3_TX.2.Priority=DMA_PRIORITY_HIGH
Dma.SPI3_TX.2.RequestParameters=Instance,Direction,PeriphInc,MemInc,PeriphDataAlignment,MemDataAlignment,Mode,Priority,FIFOMode,FIFOThreshold,MemBurst,PeriphBurst
Dma.USART3_RX.0.Direction=DMA_PERIPH_TO_MEMORY
Dma.USART3_RX.0.FIFOMode=DMA_FIFOMODE_DISABLE
Dma.USART3_RX.0.Instance=DMA1_Stream1
Dma.USART3_RX.0.MemDataAlignment=DMA_MDATAALIGN_BYTE
Dma.USART3_RX.0.MemInc=DMA_MINC_ENABLE
Dma.USART3_RX.0.Mode=DMA_NORMAL
Dma.USART3_RX.0.PeriphDataAlignment=DMA_PDATAALIGN_BYTE
Dma.USART3_RX.0.PeriphInc=DMA_PINC_DISABLE
Dma.USART3_RX.0.Priority=DMA_PRIORITY_VERY_HIGH
Dma.USART3_RX.0.RequestParameters=Instance,Direction,PeriphInc,MemInc,PeriphDataAlignment,MemDataAlignment,Mode,Priority,FIFOMode
Dma.USART3_TX.1.Direction=DMA_MEMORY_TO_PERIPH
Dma.USART3_TX.1.FIFOMode=DMA_FIFOMODE_DISABLE
Dma.USART3_TX.1.Instance=DMA1_Stream4
Dma.USART3_TX.1.MemDataAlignment=DMA_MDATAALIGN_BYTE
Dma.USART3_TX.1.MemInc=DMA_MINC_ENABLE
Dma.USART3_TX.1.Mode=DMA_NORMAL
Dma.USART3_TX.1.PeriphDataAlignment=DMA_PDATAALIGN_BYTE
Dma.USART3_TX.1.PeriphInc=DMA_PINC_DISABLE
Dma.USART3_TX.1.Priority=DMA_PRIORITY_MEDIUM
Dma.USART3_TX.1.RequestParameters=Instance,Direction,PeriphInc,MemInc,PeriphDataAlignment,MemDataAlignment,Mode,Priority,FIFOMode
File.Version=6
GPIO.groupedBy=Group By Peripherals
I2C1.IPParameters=OwnAddress
I2C1.OwnAddress=0x19
I2S2.AudioFreq=AudioFreqCustomValue
I2S2.AudioFreqCustom=44100
I2S2.ErrorAudioFreq=0.19 %
I2S2.FullDuplexMode=I2S_FULLDUPLEXMODE_DISABLE
I2S2.IPParameters=Instance,VirtualMode,FullDuplexMode,RealAudioFreq,ErrorAudioFreq,Mode,AudioFreq,AudioFreqCustom
I2S2.Instance=SPI$Index
I2S2.Mode=I2S_MODE_MASTER_RX
I2S2.RealAudioFreq=44.084 KHz
I2S2.VirtualMode=I2S_MODE_MASTER
I2S3.AudioFreq=AudioFreqCustomValue
I2S3.AudioFreqCustom=44100
I2S3.ErrorAudioFreq=0.19 %
I2S3.FullDuplexMode=I2S_FULLDUPLEXMODE_DISABLE
I2S3.IPParameters=Instance,VirtualMode,FullDuplexMode,RealAudioFreq,ErrorAudioFreq,AudioFreq,AudioFreqCustom
I2S3.Instance=SPI$Index
I2S3.RealAudioFreq=44.084 KHz
I2S3.VirtualMode=I2S_MODE_MASTER
KeepUserPlacement=true
Mcu.CPN=STM32F407VGT6
Mcu.Family=STM32F4
Mcu.IP0=CRC
Mcu.IP1=DMA
Mcu.IP10=TIM2
Mcu.IP11=TIM3
Mcu.IP12=USART2
Mcu.IP13=USART3
Mcu.IP14=USB_OTG_FS
Mcu.IP2=I2C1
Mcu.IP3=I2S2
Mcu.IP4=I2S3
Mcu.IP5=NVIC
Mcu.IP6=PDM2PCM
Mcu.IP7=RCC
Mcu.IP8=SPI1
Mcu.IP9=SYS
Mcu.IPNb=15
Mcu.Name=STM32F407V(E-G)Tx
Mcu.Package=LQFP100
Mcu.Pin0=PE3
Mcu.Pin1=PC14-OSC32_IN
Mcu.Pin10=PA3
Mcu.Pin11=PA4
Mcu.Pin12=PA5
Mcu.Pin13=PA6
Mcu.Pin14=PA7
Mcu.Pin15=PB2
Mcu.Pin16=PE14
Mcu.Pin17=PB10
Mcu.Pin18=PB12
Mcu.Pin19=PD8
Mcu.Pin2=PC15-OSC32_OUT
Mcu.Pin20=PD9
Mcu.Pin21=PD11
Mcu.Pin22=PD12
Mcu.Pin23=PD13
Mcu.Pin24=PD14
Mcu.Pin25=PD15
Mcu.Pin26=PC6
Mcu.Pin27=PC7
Mcu.Pin28=PA9
Mcu.Pin29=PA10
Mcu.Pin3=PH0-OSC_IN
Mcu.Pin30=PA11
Mcu.Pin31=PA12
Mcu.Pin32=PA13
Mcu.Pin33=PA14
Mcu.Pin34=PA15
Mcu.Pin35=PC10
Mcu.Pin36=PC11
Mcu.Pin37=PC12
Mcu.Pin38=PD0
Mcu.Pin39=PD2
Mcu.Pin4=PH1-OSC_OUT
Mcu.Pin40=PD4
Mcu.Pin41=PD5
Mcu.Pin42=PB3
Mcu.Pin43=PB6
Mcu.Pin44=PB9
Mcu.Pin45=PE1
Mcu.Pin46=VP_CRC_VS_CRC
Mcu.Pin47=VP_PDM2PCM_VS_PDM2PCM
Mcu.Pin48=VP_SYS_VS_Systick
Mcu.Pin49=VP_TIM2_VS_ClockSourceINT
Mcu.Pin5=PC0
Mcu.Pin6=PC3
Mcu.Pin7=PA0-WKUP
Mcu.Pin8=PA1
Mcu.Pin9=PA2
Mcu.PinsNb=50
Mcu.ThirdPartyNb=0
Mcu.UserConstants=
Mcu.UserName=STM32F407VGTx
MxCube.Version=6.12.0
MxDb.Version=DB.6.0.120
NVIC.BusFault_IRQn=true\:0\:0\:false\:false\:false\:true\:false\:false
NVIC.DMA1_Stream1_IRQn=true\:0\:0\:true\:false\:true\:true\:true\:true
NVIC.DMA1_Stream3_IRQn=true\:0\:0\:false\:false\:true\:false\:true\:true
NVIC.DMA1_Stream4_IRQn=true\:0\:0\:false\:false\:true\:false\:true\:true
NVIC.DMA1_Stream7_IRQn=true\:0\:0\:false\:false\:true\:false\:true\:true
NVIC.DebugMonitor_IRQn=true\:0\:0\:false\:false\:false\:true\:false\:false
NVIC.ForceEnableDMAVector=true
NVIC.HardFault_IRQn=true\:0\:0\:false\:false\:false\:true\:false\:false
NVIC.MemoryManagement_IRQn=true\:0\:0\:false\:false\:false\:true\:false\:false
NVIC.NonMaskableInt_IRQn=true\:0\:0\:false\:false\:false\:true\:false\:false
NVIC.PendSV_IRQn=true\:0\:0\:false\:false\:true\:true\:false\:false
NVIC.PriorityGroup=NVIC_PRIORITYGROUP_4
NVIC.SVCall_IRQn=true\:0\:0\:false\:false\:true\:true\:false\:false
NVIC.SysTick_IRQn=true\:0\:0\:false\:false\:true\:true\:true\:false
NVIC.TIM2_IRQn=true\:0\:0\:false\:false\:true\:true\:true\:true
NVIC.USART2_IRQn=true\:15\:0\:true\:false\:true\:true\:true\:true
NVIC.USART3_IRQn=true\:1\:0\:true\:false\:true\:true\:true\:true
NVIC.UsageFault_IRQn=true\:0\:0\:false\:false\:false\:true\:false\:false
PA0-WKUP.GPIOParameters=GPIO_PuPd,GPIO_Label,GPIO_ModeDefaultEXTI
PA0-WKUP.GPIO_Label=B1 [Blue PushButton]
PA0-WKUP.GPIO_ModeDefaultEXTI=GPIO_MODE_EVT_RISING
PA0-WKUP.GPIO_PuPd=GPIO_NOPULL
PA0-WKUP.Locked=true
PA0-WKUP.Signal=GPXTI0
PA1.Signal=S_TIM2_CH2
PA10.GPIOParameters=GPIO_Speed,GPIO_PuPd,GPIO_Label,GPIO_Mode
PA10.GPIO_Label=OTG_FS_ID
PA10.GPIO_Mode=GPIO_MODE_AF_PP
PA10.GPIO_PuPd=GPIO_NOPULL
PA10.GPIO_Speed=GPIO_SPEED_FREQ_LOW
PA10.Locked=true
PA10.Mode=OTG/Dual_Role_Device
PA10.Signal=USB_OTG_FS_ID
PA11.GPIOParameters=GPIO_Speed,GPIO_PuPd,GPIO_Label,GPIO_Mode
PA11.GPIO_Label=OTG_FS_DM
PA11.GPIO_Mode=GPIO_MODE_AF_PP
PA11.GPIO_PuPd=GPIO_NOPULL
PA11.GPIO_Speed=GPIO_SPEED_FREQ_LOW
PA11.Locked=true
PA11.Mode=OTG/Dual_Role_Device
PA11.Signal=USB_OTG_FS_DM
PA12.GPIOParameters=GPIO_Speed,GPIO_PuPd,GPIO_Label,GPIO_Mode
PA12.GPIO_Label=OTG_FS_DP
PA12.GPIO_Mode=GPIO_MODE_AF_PP
PA12.GPIO_PuPd=GPIO_NOPULL
PA12.GPIO_Speed=GPIO_SPEED_FREQ_LOW
PA12.Locked=true
PA12.Mode=OTG/Dual_Role_Device
PA12.Signal=USB_OTG_FS_DP
PA13.GPIOParameters=GPIO_Label
PA13.GPIO_Label=SWDIO
PA13.Locked=true
PA13.Signal=SYS_JTMS-SWDIO
PA14.GPIOParameters=GPIO_Label
PA14.GPIO_Label=SWCLK
PA14.Locked=true
PA14.Signal=SYS_JTCK-SWCLK
PA15.Signal=S_TIM2_CH1_ETR
PA2.GPIOParameters=GPIO_PuPd
PA2.GPIO_PuPd=GPIO_PULLUP
PA2.Mode=Asynchronous
PA2.Signal=USART2_TX
PA3.GPIOParameters=GPIO_PuPd
PA3.GPIO_PuPd=GPIO_PULLUP
PA3.Mode=Asynchronous
PA3.Signal=USART2_RX
PA4.GPIOParameters=GPIO_Speed,GPIO_PuPd,GPIO_Label,GPIO_Mode
PA4.GPIO_Label=I2S3_WS [CS43L22_LRCK]
PA4.GPIO_Mode=GPIO_MODE_AF_PP
PA4.GPIO_PuPd=GPIO_NOPULL
PA4.GPIO_Speed=GPIO_SPEED_FREQ_HIGH
PA4.Locked=true
PA4.Mode=Half_Duplex_Master
PA4.Signal=I2S3_WS
PA5.GPIOParameters=GPIO_Speed,GPIO_PuPd,GPIO_Label,GPIO_Mode
PA5.GPIO_Label=SPI1_SCK [LIS302DL_SCL/SPC]
PA5.GPIO_Mode=GPIO_MODE_AF_PP
PA5.GPIO_PuPd=GPIO_PULLDOWN
PA5.GPIO_Speed=GPIO_SPEED_FREQ_MEDIUM
PA5.Locked=true
PA5.Mode=Full_Duplex_Master
PA5.Signal=SPI1_SCK
PA6.GPIOParameters=GPIO_Speed,GPIO_PuPd,GPIO_Label,GPIO_Mode
PA6.GPIO_Label=SPI1_MISO [LIS302DL_SDO]
PA6.GPIO_Mode=GPIO_MODE_AF_PP
PA6.GPIO_PuPd=GPIO_PULLDOWN
PA6.GPIO_Speed=GPIO_SPEED_FREQ_MEDIUM
PA6.Locked=true
PA6.Mode=Full_Duplex_Master
PA6.Signal=SPI1_MISO
PA7.GPIOParameters=GPIO_Speed,GPIO_PuPd,GPIO_Label,GPIO_Mode
PA7.GPIO_Label=SPI1_MOSI [LIS302DL_SDA/SDI/SDO]
PA7.GPIO_Mode=GPIO_MODE_AF_PP
PA7.GPIO_PuPd=GPIO_PULLDOWN
PA7.GPIO_Speed=GPIO_SPEED_FREQ_MEDIUM
PA7.Locked=true
PA7.Mode=Full_Duplex_Master
PA7.Signal=SPI1_MOSI
PA9.GPIOParameters=GPIO_PuPd,GPIO_Label,GPIO_Mode
PA9.GPIO_Label=VBUS_FS
PA9.GPIO_Mode=GPIO_MODE_INPUT
PA9.GPIO_PuPd=GPIO_NOPULL
PA9.Locked=true
PA9.Mode=Activate_VBUS
PA9.Signal=USB_OTG_FS_VBUS
PB10.GPIOParameters=GPIO_Speed,GPIO_PuPd,GPIO_Label,GPIO_Mode
PB10.GPIO_Label=CLK_IN [MP45DT02_CLK]
PB10.GPIO_Mode=GPIO_MODE_AF_PP
PB10.GPIO_PuPd=GPIO_NOPULL
PB10.GPIO_Speed=GPIO_SPEED_FREQ_HIGH
PB10.Locked=true
PB10.Mode=Half_Duplex_Master
PB10.Signal=I2S2_CK
PB12.GPIOParameters=GPIO_Speed
PB12.GPIO_Speed=GPIO_SPEED_FREQ_HIGH
PB12.Mode=Half_Duplex_Master
PB12.Signal=I2S2_WS
PB2.GPIOParameters=GPIO_PuPd,GPIO_Label,GPIO_Mode
PB2.GPIO_Label=BOOT1
PB2.GPIO_Mode=GPIO_MODE_INPUT
PB2.GPIO_PuPd=GPIO_NOPULL
PB2.Locked=true
PB2.Signal=GPIO_Input
PB3.GPIOParameters=GPIO_Label
PB3.GPIO_Label=SWO
PB3.Locked=true
PB3.Signal=SYS_JTDO-SWO
PB6.GPIOParameters=GPIO_Speed,GPIO_PuPd,GPIO_Label,GPIO_Pu,GPIO_Mode
PB6.GPIO_Label=Audio_SCL [CS43L22_SCL]
PB6.GPIO_Mode=GPIO_MODE_AF_OD
PB6.GPIO_Pu=GPIO_NOPULL
PB6.GPIO_PuPd=GPIO_NOPULL
PB6.GPIO_Speed=GPIO_SPEED_FREQ_HIGH
PB6.Locked=true
PB6.Mode=I2C
PB6.Signal=I2C1_SCL
PB9.GPIOParameters=GPIO_Speed,GPIO_PuPd,GPIO_Label,GPIO_Pu,GPIO_Mode
PB9.GPIO_Label=Audio_SDA [CS43L22_SDA]
PB9.GPIO_Mode=GPIO_MODE_AF_OD
PB9.GPIO_Pu=GPIO_NOPULL
PB9.GPIO_PuPd=GPIO_NOPULL
PB9.GPIO_Speed=GPIO_SPEED_FREQ_HIGH
PB9.Locked=true
PB9.Mode=I2C
PB9.Signal=I2C1_SDA
PC0.GPIOParameters=GPIO_Speed,GPIO_PuPd,GPIO_Label
PC0.GPIO_Label=OTG_FS_PowerSwitchOn
PC0.GPIO_PuPd=GPIO_NOPULL
PC0.GPIO_Speed=GPIO_SPEED_FREQ_LOW
PC0.Locked=true
PC0.Signal=GPIO_Output
PC10.GPIOParameters=GPIO_Speed,GPIO_PuPd,GPIO_Label,GPIO_Mode
PC10.GPIO_Label=I2S3_SCK [CS43L22_SCLK]
PC10.GPIO_Mode=GPIO_MODE_AF_PP
PC10.GPIO_PuPd=GPIO_NOPULL
PC10.GPIO_Speed=GPIO_SPEED_FREQ_HIGH
PC10.Locked=true
PC10.Mode=Half_Duplex_Master
PC10.Signal=I2S3_CK
PC11.GPIOParameters=GPIO_Label
PC11.GPIO_Label=Test1
PC11.Locked=true
PC11.Signal=GPIO_Output
PC12.GPIOParameters=GPIO_Speed,GPIO_PuPd,GPIO_Label,GPIO_Mode
PC12.GPIO_Label=I2S3_SD [CS43L22_SDIN]
PC12.GPIO_Mode=GPIO_MODE_AF_PP
PC12.GPIO_PuPd=GPIO_NOPULL
PC12.GPIO_Speed=GPIO_SPEED_FREQ_HIGH
PC12.Locked=true
PC12.Mode=Half_Duplex_Master
PC12.Signal=I2S3_SD
PC14-OSC32_IN.GPIOParameters=GPIO_Label
PC14-OSC32_IN.GPIO_Label=PC14-OSC32_IN
PC14-OSC32_IN.Locked=true
PC14-OSC32_IN.Signal=RCC_OSC32_IN
PC15-OSC32_OUT.GPIOParameters=GPIO_Label
PC15-OSC32_OUT.GPIO_Label=PC15-OSC32_OUT
PC15-OSC32_OUT.Locked=true
PC15-OSC32_OUT.Signal=RCC_OSC32_OUT
PC3.GPIOParameters=GPIO_Speed,GPIO_PuPd,GPIO_Label,GPIO_Mode
PC3.GPIO_Label=PDM_OUT [MP45DT02_DOUT]
PC3.GPIO_Mode=GPIO_MODE_AF_PP
PC3.GPIO_PuPd=GPIO_NOPULL
PC3.GPIO_Speed=GPIO_SPEED_FREQ_HIGH
PC3.Locked=true
PC3.Mode=Half_Duplex_Master
PC3.Signal=I2S2_SD
PC6.Signal=S_TIM3_CH1
PC7.GPIOParameters=GPIO_Speed,GPIO_PuPd,GPIO_Label,GPIO_Mode
PC7.GPIO_Label=I2S3_MCK [CS43L22_MCLK]
PC7.GPIO_Mode=GPIO_MODE_AF_PP
PC7.GPIO_PuPd=GPIO_NOPULL
PC7.GPIO_Speed=GPIO_SPEED_FREQ_HIGH
PC7.Locked=true
PC7.Mode=Master_Clock_Activated
PC7.Signal=I2S3_MCK
PD0.GPIOParameters=GPIO_Label
PD0.GPIO_Label=Test2
PD0.Locked=true
PD0.Signal=GPIO_Output
PD11.Locked=true
PD11.Mode=CTS_RTS
PD11.Signal=USART3_CTS
PD12.Locked=true
PD12.Mode=CTS_RTS
PD12.Signal=USART3_RTS
PD13.GPIOParameters=GPIO_Speed,GPIO_PuPd,GPIO_Label
PD13.GPIO_Label=LD3 [Orange Led]
PD13.GPIO_PuPd=GPIO_PULLUP
PD13.GPIO_Speed=GPIO_SPEED_FREQ_HIGH
PD13.Locked=true
PD13.Signal=GPIO_Output
PD14.GPIOParameters=GPIO_Speed,GPIO_PuPd,GPIO_Label
PD14.GPIO_Label=LD5 [Red Led]
PD14.GPIO_PuPd=GPIO_PULLUP
PD14.GPIO_Speed=GPIO_SPEED_FREQ_HIGH
PD14.Locked=true
PD14.Signal=GPIO_Output
PD15.GPIOParameters=GPIO_Speed,GPIO_PuPd,GPIO_Label
PD15.GPIO_Label=LD6 [Blue Led]
PD15.GPIO_PuPd=GPIO_PULLUP
PD15.GPIO_Speed=GPIO_SPEED_FREQ_HIGH
PD15.Locked=true
PD15.Signal=GPIO_Output
PD2.Signal=S_TIM3_ETR
PD4.GPIOParameters=GPIO_Speed,GPIO_PuPd,GPIO_Label
PD4.GPIO_Label=Audio_RST [CS43L22_RESET]
PD4.GPIO_PuPd=GPIO_NOPULL
PD4.GPIO_Speed=GPIO_SPEED_FREQ_HIGH
PD4.Locked=true
PD4.Signal=GPIO_Output
PD5.GPIOParameters=GPIO_PuPd,GPIO_Label,GPIO_Mode
PD5.GPIO_Label=OTG_FS_OverCurrent
PD5.GPIO_Mode=GPIO_MODE_INPUT
PD5.GPIO_PuPd=GPIO_NOPULL
PD5.Locked=true
PD5.Signal=GPIO_Input
PD8.GPIOParameters=GPIO_PuPd
PD8.GPIO_PuPd=GPIO_PULLUP
PD8.Mode=Asynchronous
PD8.Signal=USART3_TX
PD9.GPIOParameters=GPIO_PuPd
PD9.GPIO_PuPd=GPIO_PULLUP
PD9.Locked=true
PD9.Mode=Asynchronous
PD9.Signal=USART3_RX
PE1.GPIOParameters=GPIO_PuPd,GPIO_Label,GPIO_ModeDefaultEXTI
PE1.GPIO_Label=MEMS_INT2 [LIS302DL_INT2]
PE1.GPIO_ModeDefaultEXTI=GPIO_MODE_EVT_RISING
PE1.GPIO_PuPd=GPIO_NOPULL
PE1.Locked=true
PE1.Signal=GPXTI1
PE14.GPIOParameters=GPIO_Label
PE14.GPIO_Label=CC_nSHUTD
PE14.Locked=true
PE14.Signal=GPIO_Output
PE3.GPIOParameters=GPIO_Speed,GPIO_PuPd,GPIO_Label
PE3.GPIO_Label=CS_I2C/SPI [LIS302DL_CS_I2C/SPI]
PE3.GPIO_PuPd=GPIO_NOPULL
PE3.GPIO_Speed=GPIO_SPEED_FREQ_MEDIUM
PE3.Locked=true
PE3.Signal=GPIO_Output
PH0-OSC_IN.GPIOParameters=GPIO_Label
PH0-OSC_IN.GPIO_Label=PH0-OSC_IN
PH0-OSC_IN.Locked=true
PH0-OSC_IN.Mode=HSE-External-Oscillator
PH0-OSC_IN.Signal=RCC_OSC_IN
PH1-OSC_OUT.GPIOParameters=GPIO_Label
PH1-OSC_OUT.GPIO_Label=PH1-OSC_OUT
PH1-OSC_OUT.Locked=true
PH1-OSC_OUT.Mode=HSE-External-Oscillator
PH1-OSC_OUT.Signal=RCC_OSC_OUT
PinOutPanel.RotationAngle=0
ProjectManager.AskForMigrate=true
ProjectManager.BackupPrevious=false
ProjectManager.CompilerOptimize=2
ProjectManager.ComputerToolchain=false
ProjectManager.CoupleFile=true
ProjectManager.CustomerFirmwarePackage=
ProjectManager.DefaultFWLocation=true
ProjectManager.DeletePrevious=true
ProjectManager.DeviceId=STM32F407VGTx
ProjectManager.FirmwarePackage=STM32Cube FW_F4 V1.28.0
ProjectManager.FreePins=false
ProjectManager.HalAssertFull=false
ProjectManager.HeapSize=0x200
ProjectManager.KeepUserCode=true
ProjectManager.LastFirmware=true
ProjectManager.LibraryCopy=1
ProjectManager.MainLocation=Src
ProjectManager.NoMain=false
ProjectManager.PreviousToolchain=SW4STM32
ProjectManager.ProjectBuild=false
ProjectManager.ProjectFileName=stm32f4-discovery-cc256x.ioc
ProjectManager.ProjectName=stm32f4-discovery-cc256x
ProjectManager.ProjectStructure=
ProjectManager.RegisterCallBack=
ProjectManager.StackSize=0x400
ProjectManager.TargetToolchain=CMake
ProjectManager.ToolChainLocation=
ProjectManager.UAScriptAfterPath=
ProjectManager.UAScriptBeforePath=
ProjectManager.UnderRoot=false
ProjectManager.functionlistsort=1-MX_GPIO_Init-GPIO-false-HAL-true,2-MX_DMA_Init-DMA-false-HAL-true,3-MX_USART2_UART_Init-USART2-false-HAL-true,4-MX_USART3_UART_Init-USART3-false-HAL-true,5-SystemClock_Config-RCC-false-HAL-true,6-MX_I2C1_Init-I2C1-true-HAL-true,7-MX_SPI1_Init-SPI1-true-HAL-true,8-MX_CRC_Init-CRC-true-HAL-true,9-MX_PDM2PCM_Init-PDM2PCM-true-HAL-false,10-MX_USB_OTG_FS_USB_Init-USB_OTG_FS-true-HAL-true,11-MX_I2S3_Init-I2S3-true-HAL-true,12-MX_I2S2_Init-I2S2-true-HAL-true,13-MX_TIM2_Init-TIM2-false-HAL-true,14-MX_TIM3_Init-TIM3-false-HAL-true
RCC.48MHZClocksFreq_Value=48000000
RCC.AHBFreq_Value=64000000
RCC.APB1CLKDivider=RCC_HCLK_DIV2
RCC.APB1Freq_Value=32000000
RCC.APB1TimFreq_Value=64000000
RCC.APB2Freq_Value=64000000
RCC.APB2TimFreq_Value=64000000
RCC.CortexFreq_Value=64000000
RCC.EthernetFreq_Value=64000000
RCC.FCLKCortexFreq_Value=64000000
RCC.FamilyName=M
RCC.HCLKFreq_Value=64000000
RCC.HSE_VALUE=8000000
RCC.HSI_VALUE=16000000
RCC.I2SClocksFreq_Value=79000000
RCC.IPParameters=48MHZClocksFreq_Value,AHBFreq_Value,APB1CLKDivider,APB1Freq_Value,APB1TimFreq_Value,APB2Freq_Value,APB2TimFreq_Value,CortexFreq_Value,EthernetFreq_Value,FCLKCortexFreq_Value,FamilyName,HCLKFreq_Value,HSE_VALUE,HSI_VALUE,I2SClocksFreq_Value,LSE_VALUE,LSI_VALUE,MCO2PinFreq_Value,PLLCLKFreq_Value,PLLI2SN,PLLM,PLLP,PLLQ,PLLQCLKFreq_Value,RTCFreq_Value,RTCHSEDivFreq_Value,SYSCLKFreq_VALUE,SYSCLKSource,VCOI2SOutputFreq_Value,VCOInputFreq_Value,VCOOutputFreq_Value,VcooutputI2S
RCC.LSE_VALUE=32768
RCC.LSI_VALUE=32000
RCC.MCO2PinFreq_Value=64000000
RCC.PLLCLKFreq_Value=64000000
RCC.PLLI2SN=79
RCC.PLLM=4
RCC.PLLP=RCC_PLLP_DIV6
RCC.PLLQ=8
RCC.PLLQCLKFreq_Value=48000000
RCC.RTCFreq_Value=32000
RCC.RTCHSEDivFreq_Value=4000000
RCC.SYSCLKFreq_VALUE=64000000
RCC.SYSCLKSource=RCC_SYSCLKSOURCE_PLLCLK
RCC.VCOI2SOutputFreq_Value=158000000
RCC.VCOInputFreq_Value=2000000
RCC.VCOOutputFreq_Value=384000000
RCC.VcooutputI2S=79000000
SH.GPXTI0.0=GPIO_EXTI0
SH.GPXTI0.ConfNb=1
SH.GPXTI1.0=GPIO_EXTI1
SH.GPXTI1.ConfNb=1
SH.S_TIM2_CH1_ETR.0=TIM2_CH1,Input_Capture1_from_TI1
SH.S_TIM2_CH1_ETR.ConfNb=1
SH.S_TIM2_CH2.0=TIM2_CH2,Input_Capture2_from_TI2
SH.S_TIM2_CH2.ConfNb=1
SH.S_TIM3_CH1.0=TIM3_CH1,Output Compare1 CH1
SH.S_TIM3_CH1.ConfNb=1
SH.S_TIM3_ETR.0=TIM3_ETR,ClockSourceETR_Mode2
SH.S_TIM3_ETR.ConfNb=1
SPI1.BaudRatePrescaler=SPI_BAUDRATEPRESCALER_16
SPI1.CalculateBaudRate=4.0 MBits/s
SPI1.Direction=SPI_DIRECTION_2LINES
SPI1.IPParameters=VirtualType,Mode,Direction,CalculateBaudRate,BaudRatePrescaler
SPI1.Mode=SPI_MODE_MASTER
SPI1.VirtualType=VM_MASTER
TIM2.Channel-Input_Capture1_from_TI1=TIM_CHANNEL_1
TIM2.Channel-Input_Capture2_from_TI2=TIM_CHANNEL_2
TIM2.IPParameters=Prescaler,Channel-Input_Capture1_from_TI1,Channel-Input_Capture2_from_TI2
TIM2.Prescaler=63
TIM3.Channel-Output\ Compare1\ CH1=TIM_CHANNEL_1
TIM3.IPParameters=Channel-Output Compare1 CH1,OCMode_1,OC1Preload
TIM3.OC1Preload=ENABLE
TIM3.OCMode_1=TIM_OCMODE_TOGGLE
USART2.IPParameters=VirtualMode
USART2.VirtualMode=VM_ASYNC
USART3.IPParameters=VirtualMode,OverSampling
USART3.OverSampling=UART_OVERSAMPLING_8
USART3.VirtualMode=VM_ASYNC
VP_CRC_VS_CRC.Mode=CRC_Activate
VP_CRC_VS_CRC.Signal=CRC_VS_CRC
VP_PDM2PCM_VS_PDM2PCM.Mode=PDM2PCM_Channel
VP_PDM2PCM_VS_PDM2PCM.Signal=PDM2PCM_VS_PDM2PCM
VP_SYS_VS_Systick.Mode=SysTick
VP_SYS_VS_Systick.Signal=SYS_VS_Systick
VP_TIM2_VS_ClockSourceINT.Mode=Internal
VP_TIM2_VS_ClockSourceINT.Signal=TIM2_VS_ClockSourceINT
board=STM32F4DISCOVERY
boardIOC=true
